// !$*UTF8*$!
{
	archiveVersion = 1;
	classes = {
	};
	objectVersion = 42;
	objects = {

/* Begin PBXBuildFile section */
		830910EE11715F6600E387C8 /* libsvnXplus.a in Frameworks */ = {isa = PBXBuildFile; fileRef = 830910ED11715F6600E387C8 /* libsvnXplus.a */; };
		830B23150DE67B0E0080B2FD /* Review.js in Resources */ = {isa = PBXBuildFile; fileRef = 830B23140DE67B0E0080B2FD /* Review.js */; };
		8314B1A60DB9769900C6F545 /* svnBlame.png in Resources */ = {isa = PBXBuildFile; fileRef = 8314B1A50DB9769900C6F545 /* svnBlame.png */; };
		8314B22E0DB9A0CD00C6F545 /* svnblame.sh in Resources */ = {isa = PBXBuildFile; fileRef = 8314B22D0DB9A0CD00C6F545 /* svnblame.sh */; };
		8314E66A0D79165C005538EF /* SvnLogReport.m in Sources */ = {isa = PBXBuildFile; fileRef = 8314E6680D79165C005538EF /* SvnLogReport.m */; };
		8314E6B60D79191F005538EF /* textBigger.png in Resources */ = {isa = PBXBuildFile; fileRef = 8314E6B10D79191F005538EF /* textBigger.png */; };
		8314E6B70D79191F005538EF /* textSmaller.png in Resources */ = {isa = PBXBuildFile; fileRef = 8314E6B20D79191F005538EF /* textSmaller.png */; };
		8314E6B80D79191F005538EF /* svnlog.css in Resources */ = {isa = PBXBuildFile; fileRef = 8314E6B30D79191F005538EF /* svnlog.css */; };
		8314E6B90D79191F005538EF /* BrowseLog.nib in Resources */ = {isa = PBXBuildFile; fileRef = 8314E6B40D79191F005538EF /* BrowseLog.nib */; };
		8314E6BA0D79191F005538EF /* svnlog.xsl in Resources */ = {isa = PBXBuildFile; fileRef = 8314E6B50D79191F005538EF /* svnlog.xsl */; };
		831A7ABB0D7B0F86006A81F0 /* ModeTree.png in Resources */ = {isa = PBXBuildFile; fileRef = 831A7AB80D7B0F86006A81F0 /* ModeTree.png */; };
		831A7ABC0D7B0F86006A81F0 /* ModeSmart.png in Resources */ = {isa = PBXBuildFile; fileRef = 831A7AB90D7B0F86006A81F0 /* ModeSmart.png */; };
		831A7ABD0D7B0F86006A81F0 /* ModeFlat.png in Resources */ = {isa = PBXBuildFile; fileRef = 831A7ABA0D7B0F86006A81F0 /* ModeFlat.png */; };
		832A01FD1173891B000F7E3D /* svnUpdate.xib in Resources */ = {isa = PBXBuildFile; fileRef = 832A01FB1173891B000F7E3D /* svnUpdate.xib */; };
		832A01FE1173891B000F7E3D /* svnMerge.xib in Resources */ = {isa = PBXBuildFile; fileRef = 832A01FC1173891B000F7E3D /* svnMerge.xib */; };
		832B702E0DDA881000B0E95D /* svnReport.png in Resources */ = {isa = PBXBuildFile; fileRef = 832B702D0DDA881000B0E95D /* svnReport.png */; };
		833B71E20D91ABB3006E242E /* SvnInterface.m in Sources */ = {isa = PBXBuildFile; fileRef = 833B71E00D91ABB3006E242E /* SvnInterface.m */; };
		833ED6510FA558BE00B7C862 /* RepoItem.m in Sources */ = {isa = PBXBuildFile; fileRef = 833ED64C0FA558B900B7C862 /* RepoItem.m */; };
		8369D4A20FD074A6002905A0 /* IconUtils.m in Sources */ = {isa = PBXBuildFile; fileRef = 8369D4A00FD074A6002905A0 /* IconUtils.m */; };
		836B4B151090EDBE00E76236 /* svnresolve.sh in Resources */ = {isa = PBXBuildFile; fileRef = 836B4B141090EDBE00E76236 /* svnresolve.sh */; };
		836CEA220DD930E600DB72C8 /* Refresh.png in Resources */ = {isa = PBXBuildFile; fileRef = 836CEA210DD930E600DB72C8 /* Refresh.png */; };
		83909D4D0DA4C94C00C3DAE5 /* FileMerge.png in Resources */ = {isa = PBXBuildFile; fileRef = 83909D4C0DA4C94C00C3DAE5 /* FileMerge.png */; };
		83909D510DA4CA0F00C3DAE5 /* Repository.icns in Resources */ = {isa = PBXBuildFile; fileRef = 83909D500DA4CA0F00C3DAE5 /* Repository.icns */; };
		83929B660F68CFD2002D2A6E /* open.sh in Resources */ = {isa = PBXBuildFile; fileRef = 83929B650F68CFD1002D2A6E /* open.sh */; };
		8394A96B0DA5E702007EDB92 /* PlusTopRight.png in Resources */ = {isa = PBXBuildFile; fileRef = 8394A96A0DA5E702007EDB92 /* PlusTopRight.png */; };
		8397E3110FC6B0520077A66C /* Localizable.strings in Resources */ = {isa = PBXBuildFile; fileRef = 8397E30F0FC6B0520077A66C /* Localizable.strings */; };
		83BCF01E0FBCAD25007E9B6B /* Templates.plist in Resources */ = {isa = PBXBuildFile; fileRef = 83BCF01D0FBCAD25007E9B6B /* Templates.plist */; };
		83C5B26D116649CD00A667E9 /* IconTextCell.m in Sources */ = {isa = PBXBuildFile; fileRef = 83C5B26C116649CD00A667E9 /* IconTextCell.m */; };
		83CCC97011678AA5003F269B /* ActionPopup.png in Resources */ = {isa = PBXBuildFile; fileRef = 83CCC96F11678AA5003F269B /* ActionPopup.png */; };
		83CCCE390D78D7E900237C1E /* EditListResponder.m in Sources */ = {isa = PBXBuildFile; fileRef = 83CCCE370D78D7E900237C1E /* EditListResponder.m */; };
		83CD86CC0F54588E00512219 /* MyDragSupportWindow.m in Sources */ = {isa = PBXBuildFile; fileRef = F2E114B10830A7E20026EEBF /* MyDragSupportWindow.m */; };
		83CDCBF1116FA02C00ECD41D /* Properties.plist in Resources */ = {isa = PBXBuildFile; fileRef = 83CDCBEB116FA02C00ECD41D /* Properties.plist */; };
		83CDCBF2116FA02C00ECD41D /* Properties.png in Resources */ = {isa = PBXBuildFile; fileRef = 83CDCBEC116FA02C00ECD41D /* Properties.png */; };
		83CDCBF3116FA02C00ECD41D /* Properties.xib in Resources */ = {isa = PBXBuildFile; fileRef = 83CDCBED116FA02C00ECD41D /* Properties.xib */; };
		83CDCBF4116FA02C00ECD41D /* PropertyView.xib in Resources */ = {isa = PBXBuildFile; fileRef = 83CDCBEE116FA02C00ECD41D /* PropertyView.xib */; };
		83CDCBF5116FA02C00ECD41D /* BinTxt1.png in Resources */ = {isa = PBXBuildFile; fileRef = 83CDCBEF116FA02C00ECD41D /* BinTxt1.png */; };
		83CDCBF6116FA02C00ECD41D /* BinTxt0.png in Resources */ = {isa = PBXBuildFile; fileRef = 83CDCBF0116FA02C00ECD41D /* BinTxt0.png */; };
		83CFE69D0FAFE01200EDFC88 /* svnx in Resources */ = {isa = PBXBuildFile; fileRef = 83CFE69C0FAFE01200EDFC88 /* svnx */; };
		83D61C160DBA4C5000D8E74E /* Advanced.icns in Resources */ = {isa = PBXBuildFile; fileRef = 83D61C150DBA4C5000D8E74E /* Advanced.icns */; };
		83DBD3400DBF7CB400264348 /* ReviewCommit.nib in Resources */ = {isa = PBXBuildFile; fileRef = 83DBD33D0DBF7CB400264348 /* ReviewCommit.nib */; };
		83DBD3410DBF7CB400264348 /* review.sh in Resources */ = {isa = PBXBuildFile; fileRef = 83DBD33E0DBF7CB400264348 /* review.sh */; };
		83DBD3420DBF7CB400264348 /* Review.html in Resources */ = {isa = PBXBuildFile; fileRef = 83DBD33F0DBF7CB400264348 /* Review.html */; };
		83DBD3910DBF7F9500264348 /* ReviewCommit.m in Sources */ = {isa = PBXBuildFile; fileRef = 83DBD38F0DBF7F9500264348 /* ReviewCommit.m */; };
		83E5B93C0D905C130024AA50 /* DbgUtils.m in Sources */ = {isa = PBXBuildFile; fileRef = 83E5B93A0D905C130024AA50 /* DbgUtils.m */; };
		83E863AA0DB674E4004CE070 /* CommonUtils.m in Sources */ = {isa = PBXBuildFile; fileRef = 83E863A90DB674E4004CE070 /* CommonUtils.m */; };
		83E8BF650FF648130011021A /* svnBadge.icns in Resources */ = {isa = PBXBuildFile; fileRef = 83E8BF640FF648130011021A /* svnBadge.icns */; };
		83EA6AF70F9C2A150025F2BC /* import.png in Resources */ = {isa = PBXBuildFile; fileRef = 83EA6AF60F9C2A150025F2BC /* import.png */; };
		83EDF4230F9E1E4200838E58 /* open.png in Resources */ = {isa = PBXBuildFile; fileRef = 83EDF4220F9E1E4200838E58 /* open.png */; };
		83EE48880DD226C100542832 /* ViewUtils.m in Sources */ = {isa = PBXBuildFile; fileRef = 83EE48860DD226C100542832 /* ViewUtils.m */; };
		8D15AC2C0486D014006FF6A4 /* Credits.rtf in Resources */ = {isa = PBXBuildFile; fileRef = 2A37F4B9FDCFA73011CA2CEA /* Credits.rtf */; };
		8D15AC2F0486D014006FF6A4 /* InfoPlist.strings in Resources */ = {isa = PBXBuildFile; fileRef = 089C165FFE840EACC02AAC07 /* InfoPlist.strings */; };
		8D15AC320486D014006FF6A4 /* main.m in Sources */ = {isa = PBXBuildFile; fileRef = 2A37F4B0FDCFA73011CA2CEA /* main.m */; settings = {ATTRIBUTES = (); }; };
		8D15AC340486D014006FF6A4 /* Cocoa.framework in Frameworks */ = {isa = PBXBuildFile; fileRef = 1058C7A7FEA54F5311CA2CBB /* Cocoa.framework */; };
		F20521D10A5D2159003F966A /* Sparkle.framework in Frameworks */ = {isa = PBXBuildFile; fileRef = F20521BE0A5D2159003F966A /* Sparkle.framework */; };
		F20523280A5D2437003F966A /* Sparkle.framework in CopyFiles */ = {isa = PBXBuildFile; fileRef = F20521BE0A5D2159003F966A /* Sparkle.framework */; };
		F20524320A5D3C9A003F966A /* GetEthernetAddrSample.c in Sources */ = {isa = PBXBuildFile; fileRef = F20524300A5D3C9A003F966A /* GetEthernetAddrSample.c */; };
		F20525080A5D3D7F003F966A /* IOKit.framework in Frameworks */ = {isa = PBXBuildFile; fileRef = F205246A0A5D3D7E003F966A /* IOKit.framework */; };
		F217F14A05F9EC0700286411 /* SvnFileStatusToColourTransformer.m in Sources */ = {isa = PBXBuildFile; fileRef = F217F14805F9EC0700286411 /* SvnFileStatusToColourTransformer.m */; };
		F22004DE08099C6900F2CC97 /* Tasks.m in Sources */ = {isa = PBXBuildFile; fileRef = F22004DC08099C6900F2CC97 /* Tasks.m */; };
		F22371D406AD74530053F451 /* svnMkdir.nib in Resources */ = {isa = PBXBuildFile; fileRef = F22371D306AD74530053F451 /* svnMkdir.nib */; };
		F22964D406B2617700441FA8 /* MyWorkingCopyToolbar.m in Sources */ = {isa = PBXBuildFile; fileRef = F22964D206B2617700441FA8 /* MyWorkingCopyToolbar.m */; };
		F229659F06B270AF00441FA8 /* MyWorkingCopy.m in Sources */ = {isa = PBXBuildFile; fileRef = F229659D06B270AF00441FA8 /* MyWorkingCopy.m */; };
		F22965C506B2714600441FA8 /* MyWorkingCopy.nib in Resources */ = {isa = PBXBuildFile; fileRef = F22965C306B2714600441FA8 /* MyWorkingCopy.nib */; };
		F229660B06B29C0500441FA8 /* svnUUID.sh in Resources */ = {isa = PBXBuildFile; fileRef = F229660A06B29C0500441FA8 /* svnUUID.sh */; };
		F22C6BC3096D51E500BAC56B /* SvnListParser.m in Sources */ = {isa = PBXBuildFile; fileRef = F22C6BC1096D51E500BAC56B /* SvnListParser.m */; };
		F22CA53106A7AC6F00A27EDB /* MySvnView.m in Sources */ = {isa = PBXBuildFile; fileRef = F22CA52F06A7AC6F00A27EDB /* MySvnView.m */; };
		F230F8D408045D9C0000E35F /* svnextract.sh in Resources */ = {isa = PBXBuildFile; fileRef = F230F8D308045D9C0000E35F /* svnextract.sh */; };
		F230FC78080596A50000E35F /* checkout2.png in Resources */ = {isa = PBXBuildFile; fileRef = F230FC77080596A50000E35F /* checkout2.png */; };
		F230FC8E08059A9B0000E35F /* export.png in Resources */ = {isa = PBXBuildFile; fileRef = F230FC8D08059A9B0000E35F /* export.png */; };
		F233A3A006C3C32E00F77B90 /* svnMove.png in Resources */ = {isa = PBXBuildFile; fileRef = F233A39F06C3C32E00F77B90 /* svnMove.png */; };
		F23B32F906029317005C11F2 /* MyTableView.m in Sources */ = {isa = PBXBuildFile; fileRef = F23B32F706029317005C11F2 /* MyTableView.m */; };
		F23B33EE0602A4AB005C11F2 /* svncopy.sh in Resources */ = {isa = PBXBuildFile; fileRef = F23B33ED0602A4AB005C11F2 /* svncopy.sh */; };
		F23B3C6C06A997100021E613 /* MyRepositoryToolbar.m in Sources */ = {isa = PBXBuildFile; fileRef = F23B3C6A06A997100021E613 /* MyRepositoryToolbar.m */; };
		F23B3C9E06A998DD0021E613 /* svnCopy.png in Resources */ = {isa = PBXBuildFile; fileRef = F23B3C9D06A998DD0021E613 /* svnCopy.png */; };
		F23B407A06AAFE210021E613 /* NSString+MyAdditions.m in Sources */ = {isa = PBXBuildFile; fileRef = F23B407806AAFE210021E613 /* NSString+MyAdditions.m */; };
		F24FA87506AF917800E2467B /* svndiff.sh in Resources */ = {isa = PBXBuildFile; fileRef = F24FA87406AF917800E2467B /* svndiff.sh */; };
		F26353FD06B17C98009C5ADF /* checkout.png in Resources */ = {isa = PBXBuildFile; fileRef = F26353FC06B17C98009C5ADF /* checkout.png */; };
		F2695D980832638300B47C96 /* MySvnFilesArrayController.m in Sources */ = {isa = PBXBuildFile; fileRef = F2695D970832638200B47C96 /* MySvnFilesArrayController.m */; };
		F271B75A06B848ED00D07CCB /* Documentation.rtf in Resources */ = {isa = PBXBuildFile; fileRef = F271B75906B848ED00D07CCB /* Documentation.rtf */; };
		F272E84306BA753C00F14502 /* MyDragSupportTableView.m in Sources */ = {isa = PBXBuildFile; fileRef = F272E84106BA753C00F14502 /* MyDragSupportTableView.m */; };
		F27AA1ED06AD9395001A1B05 /* MySvnOperationController.m in Sources */ = {isa = PBXBuildFile; fileRef = F27AA1EB06AD9395001A1B05 /* MySvnOperationController.m */; };
		F27AA22906AD9A6A001A1B05 /* svnDelete.nib in Resources */ = {isa = PBXBuildFile; fileRef = F27AA22806AD9A6A001A1B05 /* svnDelete.nib */; };
		F27AA2B006AE553C001A1B05 /* MySvnLogAC.m in Sources */ = {isa = PBXBuildFile; fileRef = F27AA2AE06AE553C001A1B05 /* MySvnLogAC.m */; };
		F27AA43906AEA7CF001A1B05 /* svnFileMerge.nib in Resources */ = {isa = PBXBuildFile; fileRef = F27AA43806AEA7CF001A1B05 /* svnFileMerge.nib */; };
		F27AA4B206AEC5F8001A1B05 /* MySvnLogView2.nib in Resources */ = {isa = PBXBuildFile; fileRef = F27AA4B106AEC5F8001A1B05 /* MySvnLogView2.nib */; };
		F27AA51106AED870001A1B05 /* ArrayCountTransformer.m in Sources */ = {isa = PBXBuildFile; fileRef = F27AA50F06AED870001A1B05 /* ArrayCountTransformer.m */; };
		F27CD112060241F500F19225 /* svnmove.sh in Resources */ = {isa = PBXBuildFile; fileRef = F27CD111060241F500F19225 /* svnmove.sh */; };
		F27CD1E606028DC600F19225 /* MyOutlineView.m in Sources */ = {isa = PBXBuildFile; fileRef = F27CD1E406028DC600F19225 /* MyOutlineView.m */; };
		F2830107082BE24C008E002A /* DrawerLogView.m in Sources */ = {isa = PBXBuildFile; fileRef = F2830105082BE24C008E002A /* DrawerLogView.m */; };
		F2830131082BE371008E002A /* DrawerLogView.nib in Resources */ = {isa = PBXBuildFile; fileRef = F2830130082BE371008E002A /* DrawerLogView.nib */; };
		F2830194082BEE22008E002A /* NSTextView+MyAdditions.m in Sources */ = {isa = PBXBuildFile; fileRef = F2830193082BEE22008E002A /* NSTextView+MyAdditions.m */; };
		F286AC4006B680AC00FF0174 /* stop.tiff in Resources */ = {isa = PBXBuildFile; fileRef = F286AC3F06B680AC00FF0174 /* stop.tiff */; };
		F286AC4406B680B600FF0174 /* stop_pressed.tiff in Resources */ = {isa = PBXBuildFile; fileRef = F286AC4306B680B600FF0174 /* stop_pressed.tiff */; };
		F286AE2606B6D3F000FF0174 /* svnFileMergeFromRepository.nib in Resources */ = {isa = PBXBuildFile; fileRef = F286AE2506B6D3F000FF0174 /* svnFileMergeFromRepository.nib */; };
		F2997E380609FFBA00E0DA4A /* FilePathCleanUpTransformer.m in Sources */ = {isa = PBXBuildFile; fileRef = F2997E360609FFBA00E0DA4A /* FilePathCleanUpTransformer.m */; };
		F29E3EE6069C78C9007CE672 /* RepositoriesController.m in Sources */ = {isa = PBXBuildFile; fileRef = F29E3EE4069C78C9007CE672 /* RepositoriesController.m */; };
		F29E3F64069EEFE2007CE672 /* MyWorkingCopyController.m in Sources */ = {isa = PBXBuildFile; fileRef = F29E3F62069EEFE2007CE672 /* MyWorkingCopyController.m */; };
		F29E4136069F0E3D007CE672 /* MyRepository.m in Sources */ = {isa = PBXBuildFile; fileRef = F29E4134069F0E3D007CE672 /* MyRepository.m */; };
		F2A4D4B706A3E09A00665FF7 /* tiny-find.png in Resources */ = {isa = PBXBuildFile; fileRef = F2A4D4B406A3E09A00665FF7 /* tiny-find.png */; };
		F2A4D4B806A3E09B00665FF7 /* tiny-reload.png in Resources */ = {isa = PBXBuildFile; fileRef = F2A4D4B506A3E09A00665FF7 /* tiny-reload.png */; };
		F2A4D4B906A3E09B00665FF7 /* tiny-stop.png in Resources */ = {isa = PBXBuildFile; fileRef = F2A4D4B606A3E09A00665FF7 /* tiny-stop.png */; };
		F2A62B6106A29E6B00EC533F /* MySvnLogParser.m in Sources */ = {isa = PBXBuildFile; fileRef = F2A62B5F06A29E6B00EC533F /* MySvnLogParser.m */; };
		F2A62BF906A2B60E00EC533F /* SvnDateTransformer.m in Sources */ = {isa = PBXBuildFile; fileRef = F2A62BF706A2B60D00EC533F /* SvnDateTransformer.m */; };
		F2A62C4B06A2BEDD00EC533F /* MyRadioButtonTableColumn.m in Sources */ = {isa = PBXBuildFile; fileRef = F2A62C4906A2BEDD00EC533F /* MyRadioButtonTableColumn.m */; };
		F2A62DF906A2E36400EC533F /* MySvnLogView.m in Sources */ = {isa = PBXBuildFile; fileRef = F25913C106A1C0BD00B5FFA9 /* MySvnLogView.m */; };
		F2A62F1F06A2EA7000EC533F /* svnX.nib in Resources */ = {isa = PBXBuildFile; fileRef = 2A37F4B6FDCFA73011CA2CEA /* svnX.nib */; };
		F2A62F2006A2EA7100EC533F /* MyRepository.nib in Resources */ = {isa = PBXBuildFile; fileRef = F29E410B069F0D22007CE672 /* MyRepository.nib */; };
		F2AFD0E205FFE153008F4267 /* OutlinerDataSource.m in Sources */ = {isa = PBXBuildFile; fileRef = F2AFD0E005FFE153008F4267 /* OutlinerDataSource.m */; };
		F2B0AA6F08321018009B9254 /* MyFileMergeController.m in Sources */ = {isa = PBXBuildFile; fileRef = F2B0AA6D08321018009B9254 /* MyFileMergeController.m */; };
		F2B2102E05F4EA100046FF94 /* MySVN.m in Sources */ = {isa = PBXBuildFile; fileRef = F2B2102C05F4EA100046FF94 /* MySVN.m */; };
		F2B2112305F4F3500046FF94 /* MyApp.m in Sources */ = {isa = PBXBuildFile; fileRef = F2B2112105F4F3500046FF94 /* MyApp.m */; };
		F2BBEF87076B7679002160EB /* svnX.scriptTerminology in Resources */ = {isa = PBXBuildFile; fileRef = F2BBEF6B076B738B002160EB /* svnX.scriptTerminology */; };
		F2BBEF88076B767A002160EB /* svnX.scriptSuite in Resources */ = {isa = PBXBuildFile; fileRef = F2BBEF6A076B738B002160EB /* svnX.scriptSuite */; };
		F2BBF00C076B90BE002160EB /* Scripting.m in Sources */ = {isa = PBXBuildFile; fileRef = F2BBF00A076B90BE002160EB /* Scripting.m */; };
		F2BFB5710827F3B7008476B7 /* TaskStatusToColorTransformer.m in Sources */ = {isa = PBXBuildFile; fileRef = F2BFB5700827F3B7008476B7 /* TaskStatusToColorTransformer.m */; };
		F2C2001306008AE0004C843B /* Add.png in Resources */ = {isa = PBXBuildFile; fileRef = F2C2001206008AE0004C843B /* Add.png */; };
		F2C2002606008B49004C843B /* Remove.png in Resources */ = {isa = PBXBuildFile; fileRef = F2C2002506008B49004C843B /* Remove.png */; };
		F2C20626060136D0004C843B /* TableViewDelegate.m in Sources */ = {isa = PBXBuildFile; fileRef = F2C20624060136D0004C843B /* TableViewDelegate.m */; };
		F2C2624A082B58D700077EFE /* sidebar.png in Resources */ = {isa = PBXBuildFile; fileRef = F2C26249082B58D700077EFE /* sidebar.png */; };
		F2E13A0B05FB2F2F0068B671 /* FavoriteWorkingCopies.m in Sources */ = {isa = PBXBuildFile; fileRef = F2E13A0905FB2F2F0068B671 /* FavoriteWorkingCopies.m */; };
		F2E4D76A0803ECE500C13681 /* MyDragSupportMatrix.m in Sources */ = {isa = PBXBuildFile; fileRef = F2E4D7680803ECE500C13681 /* MyDragSupportMatrix.m */; };
		F2E4D76F0803ED2500C13681 /* MyDragSupportBrowser.m in Sources */ = {isa = PBXBuildFile; fileRef = F2E4D76D0803ED2500C13681 /* MyDragSupportBrowser.m */; };
		F2EA161B080AE74D008C6353 /* TrimNewLinesTransformer.m in Sources */ = {isa = PBXBuildFile; fileRef = F2EA1619080AE74D008C6353 /* TrimNewLinesTransformer.m */; };
		F2EC3E4305F5E55500A67B01 /* find.tiff in Resources */ = {isa = PBXBuildFile; fileRef = F2EC3E4205F5E55500A67B01 /* find.tiff */; };
		F2EE0FF206A9571400C08125 /* MySvnRepositoryBrowserView.nib in Resources */ = {isa = PBXBuildFile; fileRef = F2EE0FF106A9571400C08125 /* MySvnRepositoryBrowserView.nib */; };
		F2EE11C406A972BB00C08125 /* MySvnRepositoryBrowserView.m in Sources */ = {isa = PBXBuildFile; fileRef = F2EE0FF606A95CD100C08125 /* MySvnRepositoryBrowserView.m */; };
		F2F27B8A06ACD54900895CAE /* svnCopy.nib in Resources */ = {isa = PBXBuildFile; fileRef = F2F27B8906ACD54900895CAE /* svnCopy.nib */; };
		F2F3006F05F94989008BCEFA /* svnXIcon2.icns in Resources */ = {isa = PBXBuildFile; fileRef = F2F3006E05F94989008BCEFA /* svnXIcon2.icns */; };
/* End PBXBuildFile section */

/* Begin PBXCopyFilesBuildPhase section */
		F20523130A5D2318003F966A /* CopyFiles */ = {
			isa = PBXCopyFilesBuildPhase;
			buildActionMask = 12;
			dstPath = "";
			dstSubfolderSpec = 10;
			files = (
				F20523280A5D2437003F966A /* Sparkle.framework in CopyFiles */,
			);
			runOnlyForDeploymentPostprocessing = 0;
		};
/* End PBXCopyFilesBuildPhase section */

/* Begin PBXFileReference section */
		089C1660FE840EACC02AAC07 /* English */ = {isa = PBXFileReference; fileEncoding = 4; lastKnownFileType = text.plist.strings; lineEnding = 0; name = English; path = English.lproj/InfoPlist.strings; sourceTree = "<group>"; };
		1058C7A7FEA54F5311CA2CBB /* Cocoa.framework */ = {isa = PBXFileReference; lastKnownFileType = wrapper.framework; name = Cocoa.framework; path = /System/Library/Frameworks/Cocoa.framework; sourceTree = "<absolute>"; };
		2A37F4B0FDCFA73011CA2CEA /* main.m */ = {isa = PBXFileReference; fileEncoding = 30; lastKnownFileType = sourcecode.c.objc; path = main.m; sourceTree = "<group>"; };
		2A37F4B7FDCFA73011CA2CEA /* English */ = {isa = PBXFileReference; lastKnownFileType = wrapper.nib; name = English; path = English.lproj/svnX.nib; sourceTree = "<group>"; };
		2A37F4BAFDCFA73011CA2CEA /* English */ = {isa = PBXFileReference; lastKnownFileType = text.rtf; name = English; path = English.lproj/Credits.rtf; sourceTree = "<group>"; };
		2A37F4C4FDCFA73011CA2CEA /* AppKit.framework */ = {isa = PBXFileReference; lastKnownFileType = wrapper.framework; name = AppKit.framework; path = /System/Library/Frameworks/AppKit.framework; sourceTree = "<absolute>"; };
		2A37F4C5FDCFA73011CA2CEA /* Foundation.framework */ = {isa = PBXFileReference; lastKnownFileType = wrapper.framework; name = Foundation.framework; path = /System/Library/Frameworks/Foundation.framework; sourceTree = "<absolute>"; };
		32DBCF750370BD2300C91783 /* svnX_Prefix.pch */ = {isa = PBXFileReference; fileEncoding = 4; lastKnownFileType = sourcecode.c.h; path = svnX_Prefix.pch; sourceTree = "<group>"; };
		830910ED11715F6600E387C8 /* libsvnXplus.a */ = {isa = PBXFileReference; lastKnownFileType = archive.ar; path = libsvnXplus.a; sourceTree = SOURCE_ROOT; };
		830B23140DE67B0E0080B2FD /* Review.js */ = {isa = PBXFileReference; fileEncoding = 4; lastKnownFileType = sourcecode.javascript; path = Review.js; sourceTree = "<group>"; };
		8314B1A50DB9769900C6F545 /* svnBlame.png */ = {isa = PBXFileReference; lastKnownFileType = image.png; path = svnBlame.png; sourceTree = "<group>"; };
		8314B22D0DB9A0CD00C6F545 /* svnblame.sh */ = {isa = PBXFileReference; fileEncoding = 4; lastKnownFileType = text.script.sh; lineEnding = 0; path = svnblame.sh; sourceTree = "<group>"; };
		8314E6680D79165C005538EF /* SvnLogReport.m */ = {isa = PBXFileReference; fileEncoding = 4; lastKnownFileType = sourcecode.c.objc; path = SvnLogReport.m; sourceTree = "<group>"; };
		8314E6690D79165C005538EF /* SvnLogReport.h */ = {isa = PBXFileReference; fileEncoding = 4; lastKnownFileType = sourcecode.c.h; path = SvnLogReport.h; sourceTree = "<group>"; };
		8314E6B10D79191F005538EF /* textBigger.png */ = {isa = PBXFileReference; lastKnownFileType = image.png; path = textBigger.png; sourceTree = "<group>"; };
		8314E6B20D79191F005538EF /* textSmaller.png */ = {isa = PBXFileReference; lastKnownFileType = image.png; path = textSmaller.png; sourceTree = "<group>"; };
		8314E6B30D79191F005538EF /* svnlog.css */ = {isa = PBXFileReference; fileEncoding = 4; lastKnownFileType = text; path = svnlog.css; sourceTree = "<group>"; };
		8314E6B40D79191F005538EF /* BrowseLog.nib */ = {isa = PBXFileReference; lastKnownFileType = wrapper.nib; path = BrowseLog.nib; sourceTree = "<group>"; };
		8314E6B50D79191F005538EF /* svnlog.xsl */ = {isa = PBXFileReference; fileEncoding = 4; lastKnownFileType = text.xml; path = svnlog.xsl; sourceTree = "<group>"; };
		831A7AB80D7B0F86006A81F0 /* ModeTree.png */ = {isa = PBXFileReference; lastKnownFileType = image.png; path = ModeTree.png; sourceTree = "<group>"; };
		831A7AB90D7B0F86006A81F0 /* ModeSmart.png */ = {isa = PBXFileReference; lastKnownFileType = image.png; path = ModeSmart.png; sourceTree = "<group>"; };
		831A7ABA0D7B0F86006A81F0 /* ModeFlat.png */ = {isa = PBXFileReference; lastKnownFileType = image.png; path = ModeFlat.png; sourceTree = "<group>"; };
		832A01FB1173891B000F7E3D /* svnUpdate.xib */ = {isa = PBXFileReference; lastKnownFileType = file.xib; path = svnUpdate.xib; sourceTree = "<group>"; };
		832A01FC1173891B000F7E3D /* svnMerge.xib */ = {isa = PBXFileReference; lastKnownFileType = file.xib; path = svnMerge.xib; sourceTree = "<group>"; };
		832B702D0DDA881000B0E95D /* svnReport.png */ = {isa = PBXFileReference; lastKnownFileType = image.png; path = svnReport.png; sourceTree = "<group>"; };
		833B71DF0D91ABB3006E242E /* SvnInterface.h */ = {isa = PBXFileReference; fileEncoding = 4; lastKnownFileType = sourcecode.c.h; path = SvnInterface.h; sourceTree = "<group>"; };
		833B71E00D91ABB3006E242E /* SvnInterface.m */ = {isa = PBXFileReference; fileEncoding = 4; lastKnownFileType = sourcecode.c.objc; path = SvnInterface.m; sourceTree = "<group>"; };
		833ED64C0FA558B900B7C862 /* RepoItem.m */ = {isa = PBXFileReference; fileEncoding = 4; lastKnownFileType = sourcecode.c.objc; path = RepoItem.m; sourceTree = "<group>"; };
		833ED64D0FA558B900B7C862 /* RepoItem.h */ = {isa = PBXFileReference; fileEncoding = 4; lastKnownFileType = sourcecode.c.h; path = RepoItem.h; sourceTree = "<group>"; };
		8352C4780FF49F9D00C978F5 /* Carbon.framework */ = {isa = PBXFileReference; lastKnownFileType = wrapper.framework; name = Carbon.framework; path = /System/Library/Frameworks/Carbon.framework; sourceTree = "<absolute>"; };
		8369D49F0FD074A6002905A0 /* IconUtils.h */ = {isa = PBXFileReference; fileEncoding = 4; lastKnownFileType = sourcecode.c.h; path = IconUtils.h; sourceTree = "<group>"; };
		8369D4A00FD074A6002905A0 /* IconUtils.m */ = {isa = PBXFileReference; fileEncoding = 4; lastKnownFileType = sourcecode.c.objc; path = IconUtils.m; sourceTree = "<group>"; };
		836B4B141090EDBE00E76236 /* svnresolve.sh */ = {isa = PBXFileReference; fileEncoding = 4; lastKnownFileType = text.script.sh; path = svnresolve.sh; sourceTree = "<group>"; };
		836CEA210DD930E600DB72C8 /* Refresh.png */ = {isa = PBXFileReference; lastKnownFileType = image.png; path = Refresh.png; sourceTree = "<group>"; };
		83909D4C0DA4C94C00C3DAE5 /* FileMerge.png */ = {isa = PBXFileReference; lastKnownFileType = image.png; path = FileMerge.png; sourceTree = "<group>"; };
		83909D500DA4CA0F00C3DAE5 /* Repository.icns */ = {isa = PBXFileReference; lastKnownFileType = image.icns; path = Repository.icns; sourceTree = "<group>"; };
		83929B650F68CFD1002D2A6E /* open.sh */ = {isa = PBXFileReference; fileEncoding = 4; lastKnownFileType = text.script.sh; lineEnding = 0; path = open.sh; sourceTree = "<group>"; };
		8394A96A0DA5E702007EDB92 /* PlusTopRight.png */ = {isa = PBXFileReference; lastKnownFileType = image.png; path = PlusTopRight.png; sourceTree = "<group>"; };
		8397E3100FC6B0520077A66C /* English */ = {isa = PBXFileReference; fileEncoding = 4; lastKnownFileType = text.plist.strings; name = English; path = English.lproj/Localizable.strings; sourceTree = "<group>"; };
		83BCF01D0FBCAD25007E9B6B /* Templates.plist */ = {isa = PBXFileReference; explicitFileType = text.plist; fileEncoding = 4; path = Templates.plist; sourceTree = "<group>"; };
		83C5137E0DA7B07F00A238DD /* CommonUtils.h */ = {isa = PBXFileReference; fileEncoding = 4; lastKnownFileType = sourcecode.c.h; path = CommonUtils.h; sourceTree = "<group>"; };
		83C5B26B116649CD00A667E9 /* IconTextCell.h */ = {isa = PBXFileReference; fileEncoding = 4; lastKnownFileType = sourcecode.c.h; path = IconTextCell.h; sourceTree = "<group>"; };
		83C5B26C116649CD00A667E9 /* IconTextCell.m */ = {isa = PBXFileReference; fileEncoding = 4; lastKnownFileType = sourcecode.c.objc; path = IconTextCell.m; sourceTree = "<group>"; };
		83CCC96F11678AA5003F269B /* ActionPopup.png */ = {isa = PBXFileReference; lastKnownFileType = image.png; path = ActionPopup.png; sourceTree = "<group>"; };
		83CCCE370D78D7E900237C1E /* EditListResponder.m */ = {isa = PBXFileReference; fileEncoding = 4; lastKnownFileType = sourcecode.c.objc; path = EditListResponder.m; sourceTree = "<group>"; };
		83CCCE380D78D7E900237C1E /* EditListResponder.h */ = {isa = PBXFileReference; fileEncoding = 4; lastKnownFileType = sourcecode.c.h; path = EditListResponder.h; sourceTree = "<group>"; };
		83CD86CE0F5458B800512219 /* MyDragSupportWindow.h */ = {isa = PBXFileReference; fileEncoding = 30; lastKnownFileType = sourcecode.c.h; path = MyDragSupportWindow.h; sourceTree = "<group>"; };
		83CDCBEB116FA02C00ECD41D /* Properties.plist */ = {isa = PBXFileReference; fileEncoding = 4; lastKnownFileType = text.plist.xml; path = Properties.plist; sourceTree = "<group>"; };
		83CDCBEC116FA02C00ECD41D /* Properties.png */ = {isa = PBXFileReference; lastKnownFileType = image.png; path = Properties.png; sourceTree = "<group>"; };
		83CDCBED116FA02C00ECD41D /* Properties.xib */ = {isa = PBXFileReference; lastKnownFileType = file.xib; path = Properties.xib; sourceTree = "<group>"; };
		83CDCBEE116FA02C00ECD41D /* PropertyView.xib */ = {isa = PBXFileReference; lastKnownFileType = file.xib; path = PropertyView.xib; sourceTree = "<group>"; };
		83CDCBEF116FA02C00ECD41D /* BinTxt1.png */ = {isa = PBXFileReference; lastKnownFileType = image.png; path = BinTxt1.png; sourceTree = "<group>"; };
		83CDCBF0116FA02C00ECD41D /* BinTxt0.png */ = {isa = PBXFileReference; lastKnownFileType = image.png; path = BinTxt0.png; sourceTree = "<group>"; };
		83CFE69C0FAFE01200EDFC88 /* svnx */ = {isa = PBXFileReference; fileEncoding = 4; lastKnownFileType = text.script.sh; path = svnx; sourceTree = "<group>"; };
		83D61C150DBA4C5000D8E74E /* Advanced.icns */ = {isa = PBXFileReference; lastKnownFileType = image.icns; path = Advanced.icns; sourceTree = "<group>"; };
		83DBD33D0DBF7CB400264348 /* ReviewCommit.nib */ = {isa = PBXFileReference; lastKnownFileType = wrapper.nib; path = ReviewCommit.nib; sourceTree = "<group>"; };
		83DBD33E0DBF7CB400264348 /* review.sh */ = {isa = PBXFileReference; fileEncoding = 4; languageSpecificationIdentifier = shell.perl; lastKnownFileType = text.script.sh; lineEnding = 0; path = review.sh; sourceTree = "<group>"; };
		83DBD33F0DBF7CB400264348 /* Review.html */ = {isa = PBXFileReference; fileEncoding = 4; lastKnownFileType = text.html; path = Review.html; sourceTree = "<group>"; };
		83DBD38F0DBF7F9500264348 /* ReviewCommit.m */ = {isa = PBXFileReference; fileEncoding = 4; lastKnownFileType = sourcecode.c.objc; path = ReviewCommit.m; sourceTree = "<group>"; };
		83DBD3900DBF7F9500264348 /* ReviewCommit.h */ = {isa = PBXFileReference; fileEncoding = 4; lastKnownFileType = sourcecode.c.h; path = ReviewCommit.h; sourceTree = "<group>"; };
		83E57D5F0F09B2A1008E5DD3 /* apr_svn.c */ = {isa = PBXFileReference; fileEncoding = 4; lastKnownFileType = sourcecode.c.c; path = apr_svn.c; sourceTree = "<group>"; };
		83E5B9390D905C130024AA50 /* DbgUtils.h */ = {isa = PBXFileReference; fileEncoding = 4; lastKnownFileType = sourcecode.c.h; path = DbgUtils.h; sourceTree = "<group>"; };
		83E5B93A0D905C130024AA50 /* DbgUtils.m */ = {isa = PBXFileReference; fileEncoding = 4; lastKnownFileType = sourcecode.c.objc; path = DbgUtils.m; sourceTree = "<group>"; };
		83E863A90DB674E4004CE070 /* CommonUtils.m */ = {isa = PBXFileReference; fileEncoding = 4; lastKnownFileType = sourcecode.c.objc; path = CommonUtils.m; sourceTree = "<group>"; };
		83E8BF640FF648130011021A /* svnBadge.icns */ = {isa = PBXFileReference; lastKnownFileType = image.icns; path = svnBadge.icns; sourceTree = "<group>"; };
		83EA6AF60F9C2A150025F2BC /* import.png */ = {isa = PBXFileReference; lastKnownFileType = image.png; path = import.png; sourceTree = "<group>"; };
		83EDF4220F9E1E4200838E58 /* open.png */ = {isa = PBXFileReference; lastKnownFileType = image.png; path = open.png; sourceTree = "<group>"; };
		83EE48860DD226C100542832 /* ViewUtils.m */ = {isa = PBXFileReference; fileEncoding = 4; lastKnownFileType = sourcecode.c.objc; path = ViewUtils.m; sourceTree = "<group>"; };
		83EE48870DD226C100542832 /* ViewUtils.h */ = {isa = PBXFileReference; fileEncoding = 4; lastKnownFileType = sourcecode.c.h; path = ViewUtils.h; sourceTree = "<group>"; };
		8D15AC360486D014006FF6A4 /* Info.plist */ = {isa = PBXFileReference; fileEncoding = 4; lastKnownFileType = text.plist.xml; name = Info.plist; path = ../Info.plist; sourceTree = "<group>"; };
		8D15AC370486D014006FF6A4 /* svnX.app */ = {isa = PBXFileReference; explicitFileType = wrapper.application; includeInIndex = 0; path = svnX.app; sourceTree = BUILT_PRODUCTS_DIR; };
		F20521BE0A5D2159003F966A /* Sparkle.framework */ = {isa = PBXFileReference; lastKnownFileType = wrapper.framework; path = Sparkle.framework; sourceTree = SPARKLE_BUILD; };
		F20524020A5D3945003F966A /* SUUpdater.h */ = {isa = PBXFileReference; fileEncoding = 30; lastKnownFileType = sourcecode.c.h; name = SUUpdater.h; path = Sparkle.framework/Versions/A/Headers/SUUpdater.h; sourceTree = SPARKLE_BUILD; };
		F20524300A5D3C9A003F966A /* GetEthernetAddrSample.c */ = {isa = PBXFileReference; explicitFileType = sourcecode.c.objc; fileEncoding = 30; path = GetEthernetAddrSample.c; sourceTree = "<group>"; };
		F20524310A5D3C9A003F966A /* GetEthernetAddrSample.h */ = {isa = PBXFileReference; fileEncoding = 30; lastKnownFileType = sourcecode.c.h; path = GetEthernetAddrSample.h; sourceTree = "<group>"; };
		F205246A0A5D3D7E003F966A /* IOKit.framework */ = {isa = PBXFileReference; lastKnownFileType = wrapper.framework; name = IOKit.framework; path = /System/Library/Frameworks/IOKit.framework; sourceTree = "<absolute>"; };
		F217F14705F9EC0700286411 /* SvnFileStatusToColourTransformer.h */ = {isa = PBXFileReference; fileEncoding = 4; lastKnownFileType = sourcecode.c.h; path = SvnFileStatusToColourTransformer.h; sourceTree = "<group>"; };
		F217F14805F9EC0700286411 /* SvnFileStatusToColourTransformer.m */ = {isa = PBXFileReference; fileEncoding = 4; lastKnownFileType = sourcecode.c.objc; path = SvnFileStatusToColourTransformer.m; sourceTree = "<group>"; };
		F22004DC08099C6900F2CC97 /* Tasks.m */ = {isa = PBXFileReference; fileEncoding = 4; lastKnownFileType = sourcecode.c.objc; path = Tasks.m; sourceTree = "<group>"; };
		F22004DD08099C6900F2CC97 /* Tasks.h */ = {isa = PBXFileReference; fileEncoding = 4; lastKnownFileType = sourcecode.c.h; path = Tasks.h; sourceTree = "<group>"; };
		F22371D306AD74530053F451 /* svnMkdir.nib */ = {isa = PBXFileReference; lastKnownFileType = wrapper.nib; path = svnMkdir.nib; sourceTree = "<group>"; };
		F22964D106B2617700441FA8 /* MyWorkingCopyToolbar.h */ = {isa = PBXFileReference; fileEncoding = 4; lastKnownFileType = sourcecode.c.h; path = MyWorkingCopyToolbar.h; sourceTree = "<group>"; };
		F22964D206B2617700441FA8 /* MyWorkingCopyToolbar.m */ = {isa = PBXFileReference; fileEncoding = 4; lastKnownFileType = sourcecode.c.objc; path = MyWorkingCopyToolbar.m; sourceTree = "<group>"; };
		F229659C06B270AF00441FA8 /* MyWorkingCopy.h */ = {isa = PBXFileReference; fileEncoding = 4; lastKnownFileType = sourcecode.c.h; path = MyWorkingCopy.h; sourceTree = "<group>"; };
		F229659D06B270AF00441FA8 /* MyWorkingCopy.m */ = {isa = PBXFileReference; fileEncoding = 4; lastKnownFileType = sourcecode.c.objc; path = MyWorkingCopy.m; sourceTree = "<group>"; };
		F22965C406B2714600441FA8 /* English */ = {isa = PBXFileReference; lastKnownFileType = wrapper.nib; name = English; path = English.lproj/MyWorkingCopy.nib; sourceTree = "<group>"; };
		F229660A06B29C0500441FA8 /* svnUUID.sh */ = {isa = PBXFileReference; fileEncoding = 4; lastKnownFileType = text.script.sh; lineEnding = 0; path = svnUUID.sh; sourceTree = "<group>"; };
		F22AFE1F05F6541600D4ED0D /* Caution.tiff */ = {isa = PBXFileReference; lastKnownFileType = image.tiff; path = Caution.tiff; sourceTree = "<group>"; };
		F22AFEE405F6B5CB00D4ED0D /* PhoneMinus.tiff */ = {isa = PBXFileReference; lastKnownFileType = image.tiff; path = PhoneMinus.tiff; sourceTree = "<group>"; };
		F22AFEE605F6B5CB00D4ED0D /* PhonePlus.tiff */ = {isa = PBXFileReference; lastKnownFileType = image.tiff; path = PhonePlus.tiff; sourceTree = "<group>"; };
		F22AFEEE05F6B7CC00D4ED0D /* defaultAction.png */ = {isa = PBXFileReference; lastKnownFileType = image.png; path = defaultAction.png; sourceTree = "<group>"; };
		F22AFF1205F743F500D4ED0D /* Action.tiff */ = {isa = PBXFileReference; lastKnownFileType = image.tiff; path = Action.tiff; sourceTree = "<group>"; };
		F22AFF1605F7440900D4ED0D /* Card.tiff */ = {isa = PBXFileReference; lastKnownFileType = image.tiff; path = Card.tiff; sourceTree = "<group>"; };
		F22C6BC0096D51E500BAC56B /* SvnListParser.h */ = {isa = PBXFileReference; fileEncoding = 4; lastKnownFileType = sourcecode.c.h; path = SvnListParser.h; sourceTree = "<group>"; };
		F22C6BC1096D51E500BAC56B /* SvnListParser.m */ = {isa = PBXFileReference; fileEncoding = 4; lastKnownFileType = sourcecode.c.objc; path = SvnListParser.m; sourceTree = "<group>"; };
		F22CA52E06A7AC6F00A27EDB /* MySvnView.h */ = {isa = PBXFileReference; fileEncoding = 4; lastKnownFileType = sourcecode.c.h; path = MySvnView.h; sourceTree = "<group>"; };
		F22CA52F06A7AC6F00A27EDB /* MySvnView.m */ = {isa = PBXFileReference; fileEncoding = 4; lastKnownFileType = sourcecode.c.objc; path = MySvnView.m; sourceTree = "<group>"; };
		F230F8D308045D9C0000E35F /* svnextract.sh */ = {isa = PBXFileReference; fileEncoding = 4; lastKnownFileType = text.script.sh; lineEnding = 0; path = svnextract.sh; sourceTree = "<group>"; };
		F230FC77080596A50000E35F /* checkout2.png */ = {isa = PBXFileReference; lastKnownFileType = image.png; path = checkout2.png; sourceTree = "<group>"; };
		F230FC8D08059A9B0000E35F /* export.png */ = {isa = PBXFileReference; lastKnownFileType = image.png; path = export.png; sourceTree = "<group>"; };
		F233A39F06C3C32E00F77B90 /* svnMove.png */ = {isa = PBXFileReference; lastKnownFileType = image.png; path = svnMove.png; sourceTree = "<group>"; };
		F23B32F606029316005C11F2 /* MyTableView.h */ = {isa = PBXFileReference; fileEncoding = 4; lastKnownFileType = sourcecode.c.h; path = MyTableView.h; sourceTree = "<group>"; };
		F23B32F706029317005C11F2 /* MyTableView.m */ = {isa = PBXFileReference; fileEncoding = 4; lastKnownFileType = sourcecode.c.objc; path = MyTableView.m; sourceTree = "<group>"; };
		F23B33ED0602A4AB005C11F2 /* svncopy.sh */ = {isa = PBXFileReference; fileEncoding = 4; lastKnownFileType = text.script.sh; lineEnding = 0; path = svncopy.sh; sourceTree = "<group>"; };
		F23B3C6906A997100021E613 /* MyRepositoryToolbar.h */ = {isa = PBXFileReference; fileEncoding = 4; lastKnownFileType = sourcecode.c.h; path = MyRepositoryToolbar.h; sourceTree = "<group>"; };
		F23B3C6A06A997100021E613 /* MyRepositoryToolbar.m */ = {isa = PBXFileReference; fileEncoding = 4; lastKnownFileType = sourcecode.c.objc; path = MyRepositoryToolbar.m; sourceTree = "<group>"; };
		F23B3C9D06A998DD0021E613 /* svnCopy.png */ = {isa = PBXFileReference; lastKnownFileType = image.png; path = svnCopy.png; sourceTree = "<group>"; };
		F23B407706AAFE210021E613 /* NSString+MyAdditions.h */ = {isa = PBXFileReference; fileEncoding = 4; lastKnownFileType = sourcecode.c.h; path = "NSString+MyAdditions.h"; sourceTree = "<group>"; };
		F23B407806AAFE210021E613 /* NSString+MyAdditions.m */ = {isa = PBXFileReference; fileEncoding = 4; lastKnownFileType = sourcecode.c.objc; path = "NSString+MyAdditions.m"; sourceTree = "<group>"; };
		F24FA87406AF917800E2467B /* svndiff.sh */ = {isa = PBXFileReference; fileEncoding = 4; lastKnownFileType = text.script.sh; lineEnding = 0; path = svndiff.sh; sourceTree = "<group>"; };
		F25913C006A1C0BD00B5FFA9 /* MySvnLogView.h */ = {isa = PBXFileReference; fileEncoding = 4; lastKnownFileType = sourcecode.c.h; path = MySvnLogView.h; sourceTree = "<group>"; };
		F25913C106A1C0BD00B5FFA9 /* MySvnLogView.m */ = {isa = PBXFileReference; fileEncoding = 4; lastKnownFileType = sourcecode.c.objc; path = MySvnLogView.m; sourceTree = "<group>"; };
		F26353FC06B17C98009C5ADF /* checkout.png */ = {isa = PBXFileReference; lastKnownFileType = image.png; path = checkout.png; sourceTree = "<group>"; };
		F2695D950832637500B47C96 /* MySvnFilesArrayController.h */ = {isa = PBXFileReference; fileEncoding = 4; lastKnownFileType = sourcecode.c.h; path = MySvnFilesArrayController.h; sourceTree = "<group>"; };
		F2695D970832638200B47C96 /* MySvnFilesArrayController.m */ = {isa = PBXFileReference; fileEncoding = 4; lastKnownFileType = sourcecode.c.objc; path = MySvnFilesArrayController.m; sourceTree = "<group>"; };
		F271B75906B848ED00D07CCB /* Documentation.rtf */ = {isa = PBXFileReference; lastKnownFileType = text.rtf; path = Documentation.rtf; sourceTree = "<group>"; };
		F272E84006BA753C00F14502 /* MyDragSupportTableView.h */ = {isa = PBXFileReference; fileEncoding = 4; lastKnownFileType = sourcecode.c.h; path = MyDragSupportTableView.h; sourceTree = "<group>"; };
		F272E84106BA753C00F14502 /* MyDragSupportTableView.m */ = {isa = PBXFileReference; fileEncoding = 4; lastKnownFileType = sourcecode.c.objc; path = MyDragSupportTableView.m; sourceTree = "<group>"; };
		F27AA1EA06AD9395001A1B05 /* MySvnOperationController.h */ = {isa = PBXFileReference; fileEncoding = 4; lastKnownFileType = sourcecode.c.h; path = MySvnOperationController.h; sourceTree = "<group>"; };
		F27AA1EB06AD9395001A1B05 /* MySvnOperationController.m */ = {isa = PBXFileReference; fileEncoding = 4; lastKnownFileType = sourcecode.c.objc; path = MySvnOperationController.m; sourceTree = "<group>"; };
		F27AA22806AD9A6A001A1B05 /* svnDelete.nib */ = {isa = PBXFileReference; lastKnownFileType = wrapper.nib; path = svnDelete.nib; sourceTree = "<group>"; };
		F27AA2AD06AE553C001A1B05 /* MySvnLogAC.h */ = {isa = PBXFileReference; fileEncoding = 4; lastKnownFileType = sourcecode.c.h; path = MySvnLogAC.h; sourceTree = "<group>"; };
		F27AA2AE06AE553C001A1B05 /* MySvnLogAC.m */ = {isa = PBXFileReference; fileEncoding = 4; lastKnownFileType = sourcecode.c.objc; path = MySvnLogAC.m; sourceTree = "<group>"; };
		F27AA43806AEA7CF001A1B05 /* svnFileMerge.nib */ = {isa = PBXFileReference; lastKnownFileType = wrapper.nib; path = svnFileMerge.nib; sourceTree = "<group>"; };
		F27AA4B106AEC5F8001A1B05 /* MySvnLogView2.nib */ = {isa = PBXFileReference; lastKnownFileType = wrapper.nib; path = MySvnLogView2.nib; sourceTree = "<group>"; };
		F27AA50E06AED870001A1B05 /* ArrayCountTransformer.h */ = {isa = PBXFileReference; fileEncoding = 4; lastKnownFileType = sourcecode.c.h; path = ArrayCountTransformer.h; sourceTree = "<group>"; };
		F27AA50F06AED870001A1B05 /* ArrayCountTransformer.m */ = {isa = PBXFileReference; fileEncoding = 4; lastKnownFileType = sourcecode.c.objc; path = ArrayCountTransformer.m; sourceTree = "<group>"; };
		F27CD111060241F500F19225 /* svnmove.sh */ = {isa = PBXFileReference; fileEncoding = 4; lastKnownFileType = text.script.sh; lineEnding = 0; path = svnmove.sh; sourceTree = "<group>"; };
		F27CD1E306028DC600F19225 /* MyOutlineView.h */ = {isa = PBXFileReference; fileEncoding = 4; lastKnownFileType = sourcecode.c.h; path = MyOutlineView.h; sourceTree = "<group>"; };
		F27CD1E406028DC600F19225 /* MyOutlineView.m */ = {isa = PBXFileReference; fileEncoding = 4; lastKnownFileType = sourcecode.c.objc; path = MyOutlineView.m; sourceTree = "<group>"; };
		F2830104082BE24C008E002A /* DrawerLogView.h */ = {isa = PBXFileReference; fileEncoding = 4; lastKnownFileType = sourcecode.c.h; path = DrawerLogView.h; sourceTree = "<group>"; };
		F2830105082BE24C008E002A /* DrawerLogView.m */ = {isa = PBXFileReference; fileEncoding = 4; lastKnownFileType = sourcecode.c.objc; path = DrawerLogView.m; sourceTree = "<group>"; };
		F2830130082BE371008E002A /* DrawerLogView.nib */ = {isa = PBXFileReference; lastKnownFileType = wrapper.nib; path = DrawerLogView.nib; sourceTree = "<group>"; };
		F2830193082BEE22008E002A /* NSTextView+MyAdditions.m */ = {isa = PBXFileReference; fileEncoding = 4; lastKnownFileType = sourcecode.c.objc; path = "NSTextView+MyAdditions.m"; sourceTree = "<group>"; };
		F286AC3F06B680AC00FF0174 /* stop.tiff */ = {isa = PBXFileReference; lastKnownFileType = image.tiff; path = stop.tiff; sourceTree = "<group>"; };
		F286AC4306B680B600FF0174 /* stop_pressed.tiff */ = {isa = PBXFileReference; lastKnownFileType = image.tiff; path = stop_pressed.tiff; sourceTree = "<group>"; };
		F286AE2506B6D3F000FF0174 /* svnFileMergeFromRepository.nib */ = {isa = PBXFileReference; lastKnownFileType = wrapper.nib; path = svnFileMergeFromRepository.nib; sourceTree = "<group>"; };
		F2997E350609FFBA00E0DA4A /* FilePathCleanUpTransformer.h */ = {isa = PBXFileReference; fileEncoding = 4; lastKnownFileType = sourcecode.c.h; path = FilePathCleanUpTransformer.h; sourceTree = "<group>"; };
		F2997E360609FFBA00E0DA4A /* FilePathCleanUpTransformer.m */ = {isa = PBXFileReference; fileEncoding = 4; lastKnownFileType = sourcecode.c.objc; path = FilePathCleanUpTransformer.m; sourceTree = "<group>"; };
		F29E3EE3069C78C9007CE672 /* RepositoriesController.h */ = {isa = PBXFileReference; fileEncoding = 4; lastKnownFileType = sourcecode.c.h; path = RepositoriesController.h; sourceTree = "<group>"; };
		F29E3EE4069C78C9007CE672 /* RepositoriesController.m */ = {isa = PBXFileReference; fileEncoding = 4; lastKnownFileType = sourcecode.c.objc; path = RepositoriesController.m; sourceTree = "<group>"; };
		F29E3F61069EEFE2007CE672 /* MyWorkingCopyController.h */ = {isa = PBXFileReference; fileEncoding = 4; lastKnownFileType = sourcecode.c.h; path = MyWorkingCopyController.h; sourceTree = "<group>"; };
		F29E3F62069EEFE2007CE672 /* MyWorkingCopyController.m */ = {isa = PBXFileReference; fileEncoding = 4; lastKnownFileType = sourcecode.c.objc; path = MyWorkingCopyController.m; sourceTree = "<group>"; };
		F29E410B069F0D22007CE672 /* MyRepository.nib */ = {isa = PBXFileReference; lastKnownFileType = wrapper.nib; path = MyRepository.nib; sourceTree = "<group>"; };
		F29E4134069F0E3D007CE672 /* MyRepository.m */ = {isa = PBXFileReference; fileEncoding = 4; lastKnownFileType = sourcecode.c.objc; path = MyRepository.m; sourceTree = "<group>"; };
		F29E4135069F0E3D007CE672 /* MyRepository.h */ = {isa = PBXFileReference; fileEncoding = 4; lastKnownFileType = sourcecode.c.h; path = MyRepository.h; sourceTree = "<group>"; };
		F2A4D4B406A3E09A00665FF7 /* tiny-find.png */ = {isa = PBXFileReference; lastKnownFileType = image.png; path = "tiny-find.png"; sourceTree = "<group>"; };
		F2A4D4B506A3E09A00665FF7 /* tiny-reload.png */ = {isa = PBXFileReference; lastKnownFileType = image.png; path = "tiny-reload.png"; sourceTree = "<group>"; };
		F2A4D4B606A3E09A00665FF7 /* tiny-stop.png */ = {isa = PBXFileReference; lastKnownFileType = image.png; path = "tiny-stop.png"; sourceTree = "<group>"; };
		F2A62B5E06A29E6B00EC533F /* MySvnLogParser.h */ = {isa = PBXFileReference; fileEncoding = 4; lastKnownFileType = sourcecode.c.h; path = MySvnLogParser.h; sourceTree = "<group>"; };
		F2A62B5F06A29E6B00EC533F /* MySvnLogParser.m */ = {isa = PBXFileReference; fileEncoding = 4; lastKnownFileType = sourcecode.c.objc; path = MySvnLogParser.m; sourceTree = "<group>"; };
		F2A62BF606A2B60D00EC533F /* SvnDateTransformer.h */ = {isa = PBXFileReference; fileEncoding = 4; lastKnownFileType = sourcecode.c.h; path = SvnDateTransformer.h; sourceTree = "<group>"; };
		F2A62BF706A2B60D00EC533F /* SvnDateTransformer.m */ = {isa = PBXFileReference; fileEncoding = 4; lastKnownFileType = sourcecode.c.objc; path = SvnDateTransformer.m; sourceTree = "<group>"; };
		F2A62C4906A2BEDD00EC533F /* MyRadioButtonTableColumn.m */ = {isa = PBXFileReference; fileEncoding = 4; lastKnownFileType = sourcecode.c.objc; path = MyRadioButtonTableColumn.m; sourceTree = "<group>"; };
		F2A62C4A06A2BEDD00EC533F /* MyRadioButtonTableColumn.h */ = {isa = PBXFileReference; fileEncoding = 4; lastKnownFileType = sourcecode.c.h; path = MyRadioButtonTableColumn.h; sourceTree = "<group>"; };
		F2AFD0E005FFE153008F4267 /* OutlinerDataSource.m */ = {isa = PBXFileReference; fileEncoding = 4; lastKnownFileType = sourcecode.c.objc; path = OutlinerDataSource.m; sourceTree = "<group>"; };
		F2AFD0E105FFE153008F4267 /* OutlinerDataSource.h */ = {isa = PBXFileReference; fileEncoding = 4; lastKnownFileType = sourcecode.c.h; path = OutlinerDataSource.h; sourceTree = "<group>"; };
		F2B0AA6C08321018009B9254 /* MyFileMergeController.h */ = {isa = PBXFileReference; fileEncoding = 4; lastKnownFileType = sourcecode.c.h; path = MyFileMergeController.h; sourceTree = "<group>"; };
		F2B0AA6D08321018009B9254 /* MyFileMergeController.m */ = {isa = PBXFileReference; fileEncoding = 4; lastKnownFileType = sourcecode.c.objc; path = MyFileMergeController.m; sourceTree = "<group>"; };
		F2B2102B05F4EA100046FF94 /* MySVN.h */ = {isa = PBXFileReference; fileEncoding = 4; lastKnownFileType = sourcecode.c.h; path = MySVN.h; sourceTree = "<group>"; };
		F2B2102C05F4EA100046FF94 /* MySVN.m */ = {isa = PBXFileReference; fileEncoding = 4; lastKnownFileType = sourcecode.c.objc; path = MySVN.m; sourceTree = "<group>"; };
		F2B2112105F4F3500046FF94 /* MyApp.m */ = {isa = PBXFileReference; fileEncoding = 4; lastKnownFileType = sourcecode.c.objc; path = MyApp.m; sourceTree = "<group>"; };
		F2B2112205F4F3500046FF94 /* MyApp.h */ = {isa = PBXFileReference; fileEncoding = 4; lastKnownFileType = sourcecode.c.h; path = MyApp.h; sourceTree = "<group>"; };
		F2BBEF6A076B738B002160EB /* svnX.scriptSuite */ = {isa = PBXFileReference; explicitFileType = text.plist.scriptSuite; fileEncoding = 4; path = svnX.scriptSuite; sourceTree = "<group>"; };
		F2BBEF6B076B738B002160EB /* svnX.scriptTerminology */ = {isa = PBXFileReference; explicitFileType = text.plist.scriptTerminology; fileEncoding = 4; path = svnX.scriptTerminology; sourceTree = "<group>"; };
		F2BBF009076B90BE002160EB /* Scripting.h */ = {isa = PBXFileReference; fileEncoding = 4; lastKnownFileType = sourcecode.c.h; path = Scripting.h; sourceTree = "<group>"; };
		F2BBF00A076B90BE002160EB /* Scripting.m */ = {isa = PBXFileReference; fileEncoding = 4; lastKnownFileType = sourcecode.c.objc; path = Scripting.m; sourceTree = "<group>"; };
		F2BFB5700827F3B7008476B7 /* TaskStatusToColorTransformer.m */ = {isa = PBXFileReference; fileEncoding = 4; lastKnownFileType = sourcecode.c.objc; path = TaskStatusToColorTransformer.m; sourceTree = "<group>"; };
		F2C2001206008AE0004C843B /* Add.png */ = {isa = PBXFileReference; lastKnownFileType = image.png; path = Add.png; sourceTree = "<group>"; };
		F2C2002506008B49004C843B /* Remove.png */ = {isa = PBXFileReference; lastKnownFileType = image.png; path = Remove.png; sourceTree = "<group>"; };
		F2C202930600A94D004C843B /* EditorProjectMode.tiff */ = {isa = PBXFileReference; lastKnownFileType = image.tiff; path = EditorProjectMode.tiff; sourceTree = "<group>"; };
		F2C20623060136D0004C843B /* TableViewDelegate.h */ = {isa = PBXFileReference; fileEncoding = 4; lastKnownFileType = sourcecode.c.h; path = TableViewDelegate.h; sourceTree = "<group>"; };
		F2C20624060136D0004C843B /* TableViewDelegate.m */ = {isa = PBXFileReference; fileEncoding = 4; lastKnownFileType = sourcecode.c.objc; path = TableViewDelegate.m; sourceTree = "<group>"; };
		F2C26249082B58D700077EFE /* sidebar.png */ = {isa = PBXFileReference; lastKnownFileType = image.png; path = sidebar.png; sourceTree = "<group>"; };
		F2E114B10830A7E20026EEBF /* MyDragSupportWindow.m */ = {isa = PBXFileReference; fileEncoding = 4; lastKnownFileType = sourcecode.c.objc; path = MyDragSupportWindow.m; sourceTree = "<group>"; };
		F2E114B40830A7EC0026EEBF /* MyDragSupportWindow.h */ = {isa = PBXFileReference; fileEncoding = 4; lastKnownFileType = sourcecode.c.h; path = MyDragSupportWindow.h; sourceTree = "<group>"; };
		F2E13A0905FB2F2F0068B671 /* FavoriteWorkingCopies.m */ = {isa = PBXFileReference; fileEncoding = 4; lastKnownFileType = sourcecode.c.objc; path = FavoriteWorkingCopies.m; sourceTree = "<group>"; };
		F2E13A0A05FB2F2F0068B671 /* FavoriteWorkingCopies.h */ = {isa = PBXFileReference; fileEncoding = 4; lastKnownFileType = sourcecode.c.h; path = FavoriteWorkingCopies.h; sourceTree = "<group>"; };
		F2E4D7670803ECE500C13681 /* MyDragSupportMatrix.h */ = {isa = PBXFileReference; fileEncoding = 4; lastKnownFileType = sourcecode.c.h; path = MyDragSupportMatrix.h; sourceTree = "<group>"; };
		F2E4D7680803ECE500C13681 /* MyDragSupportMatrix.m */ = {isa = PBXFileReference; fileEncoding = 4; lastKnownFileType = sourcecode.c.objc; path = MyDragSupportMatrix.m; sourceTree = "<group>"; };
		F2E4D76C0803ED2500C13681 /* MyDragSupportBrowser.h */ = {isa = PBXFileReference; fileEncoding = 4; lastKnownFileType = sourcecode.c.h; path = MyDragSupportBrowser.h; sourceTree = "<group>"; };
		F2E4D76D0803ED2500C13681 /* MyDragSupportBrowser.m */ = {isa = PBXFileReference; fileEncoding = 4; lastKnownFileType = sourcecode.c.objc; path = MyDragSupportBrowser.m; sourceTree = "<group>"; };
		F2E9371E06B5C8B500F45019 /* ApplicationServices.framework */ = {isa = PBXFileReference; lastKnownFileType = wrapper.framework; name = ApplicationServices.framework; path = /System/Library/Frameworks/ApplicationServices.framework; sourceTree = "<absolute>"; };
		F2EA1618080AE74D008C6353 /* TrimNewLinesTransformer.h */ = {isa = PBXFileReference; fileEncoding = 4; lastKnownFileType = sourcecode.c.h; path = TrimNewLinesTransformer.h; sourceTree = "<group>"; };
		F2EA1619080AE74D008C6353 /* TrimNewLinesTransformer.m */ = {isa = PBXFileReference; fileEncoding = 4; lastKnownFileType = sourcecode.c.objc; path = TrimNewLinesTransformer.m; sourceTree = "<group>"; };
		F2EC3E4205F5E55500A67B01 /* find.tiff */ = {isa = PBXFileReference; lastKnownFileType = image.tiff; path = find.tiff; sourceTree = "<group>"; };
		F2EC3E4605F5E61F00A67B01 /* Rescan.tiff */ = {isa = PBXFileReference; lastKnownFileType = image.tiff; path = Rescan.tiff; sourceTree = "<group>"; };
		F2EE0FF106A9571400C08125 /* MySvnRepositoryBrowserView.nib */ = {isa = PBXFileReference; lastKnownFileType = wrapper.nib; path = MySvnRepositoryBrowserView.nib; sourceTree = "<group>"; };
		F2EE0FF606A95CD100C08125 /* MySvnRepositoryBrowserView.m */ = {isa = PBXFileReference; fileEncoding = 4; lastKnownFileType = sourcecode.c.objc; path = MySvnRepositoryBrowserView.m; sourceTree = "<group>"; };
		F2EE0FF706A95CD100C08125 /* MySvnRepositoryBrowserView.h */ = {isa = PBXFileReference; fileEncoding = 4; lastKnownFileType = sourcecode.c.h; path = MySvnRepositoryBrowserView.h; sourceTree = "<group>"; };
		F2F27B8906ACD54900895CAE /* svnCopy.nib */ = {isa = PBXFileReference; lastKnownFileType = wrapper.nib; path = svnCopy.nib; sourceTree = "<group>"; };
		F2F3006E05F94989008BCEFA /* svnXIcon2.icns */ = {isa = PBXFileReference; lastKnownFileType = image.icns; path = svnXIcon2.icns; sourceTree = "<group>"; };
/* End PBXFileReference section */

/* Begin PBXFrameworksBuildPhase section */
		8D15AC330486D014006FF6A4 /* Frameworks */ = {
			isa = PBXFrameworksBuildPhase;
			buildActionMask = 2147483647;
			files = (
				830910EE11715F6600E387C8 /* libsvnXplus.a in Frameworks */,
				8D15AC340486D014006FF6A4 /* Cocoa.framework in Frameworks */,
				F20521D10A5D2159003F966A /* Sparkle.framework in Frameworks */,
				F20525080A5D3D7F003F966A /* IOKit.framework in Frameworks */,
			);
			runOnlyForDeploymentPostprocessing = 0;
		};
/* End PBXFrameworksBuildPhase section */

/* Begin PBXGroup section */
		1058C7A6FEA54F5311CA2CBB /* Linked Frameworks */ = {
			isa = PBXGroup;
			children = (
				F205246A0A5D3D7E003F966A /* IOKit.framework */,
				F20521BE0A5D2159003F966A /* Sparkle.framework */,
				1058C7A7FEA54F5311CA2CBB /* Cocoa.framework */,
				8352C4780FF49F9D00C978F5 /* Carbon.framework */,
				830910ED11715F6600E387C8 /* libsvnXplus.a */,
			);
			name = "Linked Frameworks";
			path = /System/Library/Frameworks;
			sourceTree = "<group>";
		};
		1058C7A8FEA54F5311CA2CBB /* Other Frameworks */ = {
			isa = PBXGroup;
			children = (
				F2E9371E06B5C8B500F45019 /* ApplicationServices.framework */,
				2A37F4C5FDCFA73011CA2CEA /* Foundation.framework */,
				2A37F4C4FDCFA73011CA2CEA /* AppKit.framework */,
			);
			name = "Other Frameworks";
			sourceTree = "<group>";
		};
		19C28FB0FE9D524F11CA2CBB /* Products */ = {
			isa = PBXGroup;
			children = (
				8D15AC370486D014006FF6A4 /* svnX.app */,
			);
			name = Products;
			sourceTree = "<group>";
		};
		2A37F4AAFDCFA73011CA2CEA /* svnX */ = {
			isa = PBXGroup;
			children = (
				2A37F4ABFDCFA73011CA2CEA /* Classes */,
				2A37F4AFFDCFA73011CA2CEA /* Other Sources */,
				2A37F4B8FDCFA73011CA2CEA /* Resources */,
				2A37F4C3FDCFA73011CA2CEA /* Frameworks */,
				19C28FB0FE9D524F11CA2CBB /* Products */,
			);
			name = svnX;
			sourceTree = "<group>";
		};
		2A37F4ABFDCFA73011CA2CEA /* Classes */ = {
			isa = PBXGroup;
			children = (
				F21DC4EB069FBBC4007CB4C0 /* Headers */,
				F2B2112105F4F3500046FF94 /* MyApp.m */,
				F23B407806AAFE210021E613 /* NSString+MyAdditions.m */,
				F2830193082BEE22008E002A /* NSTextView+MyAdditions.m */,
				F272E84106BA753C00F14502 /* MyDragSupportTableView.m */,
				F2E4D76D0803ED2500C13681 /* MyDragSupportBrowser.m */,
				F22004DC08099C6900F2CC97 /* Tasks.m */,
				F2B2102C05F4EA100046FF94 /* MySVN.m */,
				F2830105082BE24C008E002A /* DrawerLogView.m */,
				83CCCE370D78D7E900237C1E /* EditListResponder.m */,
				F21DC4BE069FBB68007CB4C0 /* WorkingCopies */,
				F21DC4AF069FBB4B007CB4C0 /* Repositories */,
				F2B0AA810832103F009B9254 /* svn operation nib owners */,
				F217F13C05F9EBDF00286411 /* Transformers */,
				F29A6A3008335E2C00C1AD3B /* Applescript */,
			);
			name = Classes;
			sourceTree = "<group>";
		};
		2A37F4AFFDCFA73011CA2CEA /* Other Sources */ = {
			isa = PBXGroup;
			children = (
				83E57D5F0F09B2A1008E5DD3 /* apr_svn.c */,
				83C5137E0DA7B07F00A238DD /* CommonUtils.h */,
				83E863A90DB674E4004CE070 /* CommonUtils.m */,
				83E5B9390D905C130024AA50 /* DbgUtils.h */,
				83E5B93A0D905C130024AA50 /* DbgUtils.m */,
				83EE48860DD226C100542832 /* ViewUtils.m */,
				83EE48870DD226C100542832 /* ViewUtils.h */,
				833B71DF0D91ABB3006E242E /* SvnInterface.h */,
				833B71E00D91ABB3006E242E /* SvnInterface.m */,
				F20524300A5D3C9A003F966A /* GetEthernetAddrSample.c */,
				F20524310A5D3C9A003F966A /* GetEthernetAddrSample.h */,
				F20524020A5D3945003F966A /* SUUpdater.h */,
				83C5B26B116649CD00A667E9 /* IconTextCell.h */,
				83C5B26C116649CD00A667E9 /* IconTextCell.m */,
				8369D49F0FD074A6002905A0 /* IconUtils.h */,
				8369D4A00FD074A6002905A0 /* IconUtils.m */,
				32DBCF750370BD2300C91783 /* svnX_Prefix.pch */,
				2A37F4B0FDCFA73011CA2CEA /* main.m */,
			);
			name = "Other Sources";
			sourceTree = "<group>";
		};
		2A37F4B8FDCFA73011CA2CEA /* Resources */ = {
			isa = PBXGroup;
			children = (
				8397E30F0FC6B0520077A66C /* Localizable.strings */,
				831A7AB80D7B0F86006A81F0 /* ModeTree.png */,
				831A7AB90D7B0F86006A81F0 /* ModeSmart.png */,
				831A7ABA0D7B0F86006A81F0 /* ModeFlat.png */,
				8314E6B10D79191F005538EF /* textBigger.png */,
				8314E6B20D79191F005538EF /* textSmaller.png */,
				8314E6B30D79191F005538EF /* svnlog.css */,
				8314E6B50D79191F005538EF /* svnlog.xsl */,
				8314B22D0DB9A0CD00C6F545 /* svnblame.sh */,
				F230F8D308045D9C0000E35F /* svnextract.sh */,
				F23B33ED0602A4AB005C11F2 /* svncopy.sh */,
				F27CD111060241F500F19225 /* svnmove.sh */,
				836B4B141090EDBE00E76236 /* svnresolve.sh */,
				F229660A06B29C0500441FA8 /* svnUUID.sh */,
				F24FA87406AF917800E2467B /* svndiff.sh */,
				83929B650F68CFD1002D2A6E /* open.sh */,
				83CFE69C0FAFE01200EDFC88 /* svnx */,
				F2C2001206008AE0004C843B /* Add.png */,
				F230FC77080596A50000E35F /* checkout2.png */,
				83EA6AF60F9C2A150025F2BC /* import.png */,
				F230FC8D08059A9B0000E35F /* export.png */,
				F2C2002506008B49004C843B /* Remove.png */,
				F2C202930600A94D004C843B /* EditorProjectMode.tiff */,
				83909D4C0DA4C94C00C3DAE5 /* FileMerge.png */,
				F2A4D4B406A3E09A00665FF7 /* tiny-find.png */,
				F2A4D4B506A3E09A00665FF7 /* tiny-reload.png */,
				F2A4D4B606A3E09A00665FF7 /* tiny-stop.png */,
				83E8BF640FF648130011021A /* svnBadge.icns */,
				8314B1A50DB9769900C6F545 /* svnBlame.png */,
				F23B3C9D06A998DD0021E613 /* svnCopy.png */,
				F233A39F06C3C32E00F77B90 /* svnMove.png */,
				83EDF4220F9E1E4200838E58 /* open.png */,
				832B702D0DDA881000B0E95D /* svnReport.png */,
				F26353FC06B17C98009C5ADF /* checkout.png */,
				F22AFF1605F7440900D4ED0D /* Card.tiff */,
				F22AFF1205F743F500D4ED0D /* Action.tiff */,
				83CCC96F11678AA5003F269B /* ActionPopup.png */,
				F22AFEEE05F6B7CC00D4ED0D /* defaultAction.png */,
				F22AFEE405F6B5CB00D4ED0D /* PhoneMinus.tiff */,
				F22AFEE605F6B5CB00D4ED0D /* PhonePlus.tiff */,
				8394A96A0DA5E702007EDB92 /* PlusTopRight.png */,
				F2F3006E05F94989008BCEFA /* svnXIcon2.icns */,
				836CEA210DD930E600DB72C8 /* Refresh.png */,
				83909D500DA4CA0F00C3DAE5 /* Repository.icns */,
				F2EC3E4605F5E61F00A67B01 /* Rescan.tiff */,
				F2C26249082B58D700077EFE /* sidebar.png */,
				F22AFE1F05F6541600D4ED0D /* Caution.tiff */,
				F2EC3E4205F5E55500A67B01 /* find.tiff */,
				F286AC3F06B680AC00FF0174 /* stop.tiff */,
				F286AC4306B680B600FF0174 /* stop_pressed.tiff */,
				2A37F4B9FDCFA73011CA2CEA /* Credits.rtf */,
				8314E6B40D79191F005538EF /* BrowseLog.nib */,
				2A37F4B6FDCFA73011CA2CEA /* svnX.nib */,
				F22965C306B2714600441FA8 /* MyWorkingCopy.nib */,
				F29E410B069F0D22007CE672 /* MyRepository.nib */,
				F27AA4B106AEC5F8001A1B05 /* MySvnLogView2.nib */,
				F2EE0FF106A9571400C08125 /* MySvnRepositoryBrowserView.nib */,
				83DBD33D0DBF7CB400264348 /* ReviewCommit.nib */,
				83DBD33E0DBF7CB400264348 /* review.sh */,
				83DBD33F0DBF7CB400264348 /* Review.html */,
				830B23140DE67B0E0080B2FD /* Review.js */,
				8D15AC360486D014006FF6A4 /* Info.plist */,
				F2BBEF6A076B738B002160EB /* svnX.scriptSuite */,
				F2BBEF6B076B738B002160EB /* svnX.scriptTerminology */,
				F271B75906B848ED00D07CCB /* Documentation.rtf */,
				089C165FFE840EACC02AAC07 /* InfoPlist.strings */,
				F2F27B8906ACD54900895CAE /* svnCopy.nib */,
				F22371D306AD74530053F451 /* svnMkdir.nib */,
				F27AA22806AD9A6A001A1B05 /* svnDelete.nib */,
				F27AA43806AEA7CF001A1B05 /* svnFileMerge.nib */,
				F286AE2506B6D3F000FF0174 /* svnFileMergeFromRepository.nib */,
				F2830130082BE371008E002A /* DrawerLogView.nib */,
				83D61C150DBA4C5000D8E74E /* Advanced.icns */,
				83BCF01D0FBCAD25007E9B6B /* Templates.plist */,
				83CDCBEB116FA02C00ECD41D /* Properties.plist */,
				83CDCBEC116FA02C00ECD41D /* Properties.png */,
				83CDCBED116FA02C00ECD41D /* Properties.xib */,
				83CDCBEE116FA02C00ECD41D /* PropertyView.xib */,
				83CDCBEF116FA02C00ECD41D /* BinTxt1.png */,
				83CDCBF0116FA02C00ECD41D /* BinTxt0.png */,
				832A01FB1173891B000F7E3D /* svnUpdate.xib */,
				832A01FC1173891B000F7E3D /* svnMerge.xib */,
			);
			path = Resources;
			sourceTree = "<group>";
		};
		2A37F4C3FDCFA73011CA2CEA /* Frameworks */ = {
			isa = PBXGroup;
			children = (
				1058C7A6FEA54F5311CA2CBB /* Linked Frameworks */,
				1058C7A8FEA54F5311CA2CBB /* Other Frameworks */,
			);
			name = Frameworks;
			sourceTree = "<group>";
		};
		F217F13C05F9EBDF00286411 /* Transformers */ = {
			isa = PBXGroup;
			children = (
				F27AA50E06AED870001A1B05 /* ArrayCountTransformer.h */,
				F27AA50F06AED870001A1B05 /* ArrayCountTransformer.m */,
				F2A62BF606A2B60D00EC533F /* SvnDateTransformer.h */,
				F2A62BF706A2B60D00EC533F /* SvnDateTransformer.m */,
				F2997E350609FFBA00E0DA4A /* FilePathCleanUpTransformer.h */,
				F2997E360609FFBA00E0DA4A /* FilePathCleanUpTransformer.m */,
				F217F14705F9EC0700286411 /* SvnFileStatusToColourTransformer.h */,
				F217F14805F9EC0700286411 /* SvnFileStatusToColourTransformer.m */,
				F2BFB5700827F3B7008476B7 /* TaskStatusToColorTransformer.m */,
				F2EA1618080AE74D008C6353 /* TrimNewLinesTransformer.h */,
				F2EA1619080AE74D008C6353 /* TrimNewLinesTransformer.m */,
			);
			name = Transformers;
			sourceTree = "<group>";
		};
		F21DC4AF069FBB4B007CB4C0 /* Repositories */ = {
			isa = PBXGroup;
			children = (
				F29E3EE4069C78C9007CE672 /* RepositoriesController.m */,
				F29E4134069F0E3D007CE672 /* MyRepository.m */,
				F27AA2AE06AE553C001A1B05 /* MySvnLogAC.m */,
				F22CA52F06A7AC6F00A27EDB /* MySvnView.m */,
				F25913C106A1C0BD00B5FFA9 /* MySvnLogView.m */,
				F2A62B5F06A29E6B00EC533F /* MySvnLogParser.m */,
				F2EE0FF606A95CD100C08125 /* MySvnRepositoryBrowserView.m */,
				F2A62C4906A2BEDD00EC533F /* MyRadioButtonTableColumn.m */,
				F2E4D7680803ECE500C13681 /* MyDragSupportMatrix.m */,
				F23B3C6A06A997100021E613 /* MyRepositoryToolbar.m */,
				833ED64D0FA558B900B7C862 /* RepoItem.h */,
				833ED64C0FA558B900B7C862 /* RepoItem.m */,
				F22C6BC1096D51E500BAC56B /* SvnListParser.m */,
				8314E6690D79165C005538EF /* SvnLogReport.h */,
				8314E6680D79165C005538EF /* SvnLogReport.m */,
			);
			name = Repositories;
			sourceTree = "<group>";
		};
		F21DC4BE069FBB68007CB4C0 /* WorkingCopies */ = {
			isa = PBXGroup;
			children = (
				F2E13A0905FB2F2F0068B671 /* FavoriteWorkingCopies.m */,
				F229659D06B270AF00441FA8 /* MyWorkingCopy.m */,
				F29E3F62069EEFE2007CE672 /* MyWorkingCopyController.m */,
				F2695D970832638200B47C96 /* MySvnFilesArrayController.m */,
				F27CD1E406028DC600F19225 /* MyOutlineView.m */,
				83CD86CE0F5458B800512219 /* MyDragSupportWindow.h */,
				F2E114B10830A7E20026EEBF /* MyDragSupportWindow.m */,
				F2AFD0E005FFE153008F4267 /* OutlinerDataSource.m */,
				F23B32F706029317005C11F2 /* MyTableView.m */,
				F2C20624060136D0004C843B /* TableViewDelegate.m */,
				F22964D206B2617700441FA8 /* MyWorkingCopyToolbar.m */,
				83DBD38F0DBF7F9500264348 /* ReviewCommit.m */,
				83DBD3900DBF7F9500264348 /* ReviewCommit.h */,
			);
			name = WorkingCopies;
			sourceTree = "<group>";
		};
		F21DC4EB069FBBC4007CB4C0 /* Headers */ = {
			isa = PBXGroup;
			children = (
				F22C6BC0096D51E500BAC56B /* SvnListParser.h */,
				F2BBF009076B90BE002160EB /* Scripting.h */,
				F2695D950832637500B47C96 /* MySvnFilesArrayController.h */,
				F2E114B40830A7EC0026EEBF /* MyDragSupportWindow.h */,
				F272E84006BA753C00F14502 /* MyDragSupportTableView.h */,
				F2E4D7670803ECE500C13681 /* MyDragSupportMatrix.h */,
				F2E4D76C0803ED2500C13681 /* MyDragSupportBrowser.h */,
				F22004DD08099C6900F2CC97 /* Tasks.h */,
				F2830104082BE24C008E002A /* DrawerLogView.h */,
				F22964D106B2617700441FA8 /* MyWorkingCopyToolbar.h */,
				F2B2112205F4F3500046FF94 /* MyApp.h */,
				F2B2102B05F4EA100046FF94 /* MySVN.h */,
				F29E3EE3069C78C9007CE672 /* RepositoriesController.h */,
				F29E4135069F0E3D007CE672 /* MyRepository.h */,
				F29E3F61069EEFE2007CE672 /* MyWorkingCopyController.h */,
				83CCCE380D78D7E900237C1E /* EditListResponder.h */,
				F2E13A0A05FB2F2F0068B671 /* FavoriteWorkingCopies.h */,
				F229659C06B270AF00441FA8 /* MyWorkingCopy.h */,
				F27CD1E306028DC600F19225 /* MyOutlineView.h */,
				F2AFD0E105FFE153008F4267 /* OutlinerDataSource.h */,
				F23B32F606029316005C11F2 /* MyTableView.h */,
				F2C20623060136D0004C843B /* TableViewDelegate.h */,
				F25913C006A1C0BD00B5FFA9 /* MySvnLogView.h */,
				F27AA2AD06AE553C001A1B05 /* MySvnLogAC.h */,
				F2A62B5E06A29E6B00EC533F /* MySvnLogParser.h */,
				F2EE0FF706A95CD100C08125 /* MySvnRepositoryBrowserView.h */,
				F22CA52E06A7AC6F00A27EDB /* MySvnView.h */,
				F27AA1EA06AD9395001A1B05 /* MySvnOperationController.h */,
				F2A62C4A06A2BEDD00EC533F /* MyRadioButtonTableColumn.h */,
				F23B3C6906A997100021E613 /* MyRepositoryToolbar.h */,
				F23B407706AAFE210021E613 /* NSString+MyAdditions.h */,
				F2B0AA6C08321018009B9254 /* MyFileMergeController.h */,
			);
			name = Headers;
			sourceTree = "<group>";
		};
		F29A6A3008335E2C00C1AD3B /* Applescript */ = {
			isa = PBXGroup;
			children = (
				F2BBF00A076B90BE002160EB /* Scripting.m */,
			);
			name = Applescript;
			sourceTree = "<group>";
		};
		F2B0AA810832103F009B9254 /* svn operation nib owners */ = {
			isa = PBXGroup;
			children = (
				F27AA1EB06AD9395001A1B05 /* MySvnOperationController.m */,
				F2B0AA6D08321018009B9254 /* MyFileMergeController.m */,
			);
			name = "svn operation nib owners";
			sourceTree = "<group>";
		};
/* End PBXGroup section */

/* Begin PBXNativeTarget section */
		8D15AC270486D014006FF6A4 /* svnX */ = {
			isa = PBXNativeTarget;
			buildConfigurationList = F2FD1A1A0855F03C00550248 /* Build configuration list for PBXNativeTarget "svnX" */;
			buildPhases = (
				F28FC4D30A7BA83D0008C757 /* ShellScript */,
				83C7219B0E8113BA004C0700 /* ShellScript */,
				F20523130A5D2318003F966A /* CopyFiles */,
				83C956C30E85551E00C5681A /* ShellScript */,
				8D15AC2B0486D014006FF6A4 /* Resources */,
				8D15AC300486D014006FF6A4 /* Sources */,
				8D15AC330486D014006FF6A4 /* Frameworks */,
				83F834E20D9DC42600AA13B1 /* ShellScript */,
			);
			buildRules = (
			);
			dependencies = (
			);
			name = svnX;
			productInstallPath = "$(HOME)/Applications";
			productName = svnX;
			productReference = 8D15AC370486D014006FF6A4 /* svnX.app */;
			productType = "com.apple.product-type.application";
		};
/* End PBXNativeTarget section */

/* Begin PBXProject section */
		2A37F4A9FDCFA73011CA2CEA /* Project object */ = {
			isa = PBXProject;
			buildConfigurationList = F2FD1A1E0855F03C00550248 /* Build configuration list for PBXProject "svnX" */;
			compatibilityVersion = "Xcode 2.4";
			hasScannedForEncodings = 1;
			knownRegions = (
				English,
				Japanese,
				French,
				German,
				Italian,
				Polish,
				zh_TW,
			);
			mainGroup = 2A37F4AAFDCFA73011CA2CEA /* svnX */;
			projectDirPath = "";
			projectRoot = "";
			targets = (
				8D15AC270486D014006FF6A4 /* svnX */,
			);
		};
/* End PBXProject section */

/* Begin PBXResourcesBuildPhase section */
		8D15AC2B0486D014006FF6A4 /* Resources */ = {
			isa = PBXResourcesBuildPhase;
			buildActionMask = 2147483647;
			files = (
				8D15AC2C0486D014006FF6A4 /* Credits.rtf in Resources */,
				8D15AC2F0486D014006FF6A4 /* InfoPlist.strings in Resources */,
				F2EC3E4305F5E55500A67B01 /* find.tiff in Resources */,
				F2F3006F05F94989008BCEFA /* svnXIcon2.icns in Resources */,
				F2C2001306008AE0004C843B /* Add.png in Resources */,
				F2C2002606008B49004C843B /* Remove.png in Resources */,
				F27CD112060241F500F19225 /* svnmove.sh in Resources */,
				F23B33EE0602A4AB005C11F2 /* svncopy.sh in Resources */,
				F2A62F1F06A2EA7000EC533F /* svnX.nib in Resources */,
				F2A62F2006A2EA7100EC533F /* MyRepository.nib in Resources */,
				F2A4D4B706A3E09A00665FF7 /* tiny-find.png in Resources */,
				F2A4D4B806A3E09B00665FF7 /* tiny-reload.png in Resources */,
				F2A4D4B906A3E09B00665FF7 /* tiny-stop.png in Resources */,
				F2EE0FF206A9571400C08125 /* MySvnRepositoryBrowserView.nib in Resources */,
				F23B3C9E06A998DD0021E613 /* svnCopy.png in Resources */,
				F2F27B8A06ACD54900895CAE /* svnCopy.nib in Resources */,
				F22371D406AD74530053F451 /* svnMkdir.nib in Resources */,
				F27AA22906AD9A6A001A1B05 /* svnDelete.nib in Resources */,
				F27AA43906AEA7CF001A1B05 /* svnFileMerge.nib in Resources */,
				F27AA4B206AEC5F8001A1B05 /* MySvnLogView2.nib in Resources */,
				F24FA87506AF917800E2467B /* svndiff.sh in Resources */,
				F26353FD06B17C98009C5ADF /* checkout.png in Resources */,
				F22965C506B2714600441FA8 /* MyWorkingCopy.nib in Resources */,
				F229660B06B29C0500441FA8 /* svnUUID.sh in Resources */,
				F286AC4006B680AC00FF0174 /* stop.tiff in Resources */,
				F286AC4406B680B600FF0174 /* stop_pressed.tiff in Resources */,
				F286AE2606B6D3F000FF0174 /* svnFileMergeFromRepository.nib in Resources */,
				F271B75A06B848ED00D07CCB /* Documentation.rtf in Resources */,
				F233A3A006C3C32E00F77B90 /* svnMove.png in Resources */,
				F2BBEF87076B7679002160EB /* svnX.scriptTerminology in Resources */,
				F2BBEF88076B767A002160EB /* svnX.scriptSuite in Resources */,
				F230F8D408045D9C0000E35F /* svnextract.sh in Resources */,
				F230FC78080596A50000E35F /* checkout2.png in Resources */,
				F230FC8E08059A9B0000E35F /* export.png in Resources */,
				F2C2624A082B58D700077EFE /* sidebar.png in Resources */,
				F2830131082BE371008E002A /* DrawerLogView.nib in Resources */,
				8314E6B60D79191F005538EF /* textBigger.png in Resources */,
				8314E6B70D79191F005538EF /* textSmaller.png in Resources */,
				8314E6B80D79191F005538EF /* svnlog.css in Resources */,
				8314E6B90D79191F005538EF /* BrowseLog.nib in Resources */,
				8314E6BA0D79191F005538EF /* svnlog.xsl in Resources */,
				831A7ABB0D7B0F86006A81F0 /* ModeTree.png in Resources */,
				831A7ABC0D7B0F86006A81F0 /* ModeSmart.png in Resources */,
				831A7ABD0D7B0F86006A81F0 /* ModeFlat.png in Resources */,
				83909D4D0DA4C94C00C3DAE5 /* FileMerge.png in Resources */,
				83909D510DA4CA0F00C3DAE5 /* Repository.icns in Resources */,
				8394A96B0DA5E702007EDB92 /* PlusTopRight.png in Resources */,
				8314B1A60DB9769900C6F545 /* svnBlame.png in Resources */,
				8314B22E0DB9A0CD00C6F545 /* svnblame.sh in Resources */,
				83D61C160DBA4C5000D8E74E /* Advanced.icns in Resources */,
				83DBD3400DBF7CB400264348 /* ReviewCommit.nib in Resources */,
				83DBD3410DBF7CB400264348 /* review.sh in Resources */,
				83DBD3420DBF7CB400264348 /* Review.html in Resources */,
				836CEA220DD930E600DB72C8 /* Refresh.png in Resources */,
				832B702E0DDA881000B0E95D /* svnReport.png in Resources */,
				830B23150DE67B0E0080B2FD /* Review.js in Resources */,
				83929B660F68CFD2002D2A6E /* open.sh in Resources */,
				83EA6AF70F9C2A150025F2BC /* import.png in Resources */,
				83EDF4230F9E1E4200838E58 /* open.png in Resources */,
				83CFE69D0FAFE01200EDFC88 /* svnx in Resources */,
				83BCF01E0FBCAD25007E9B6B /* Templates.plist in Resources */,
				8397E3110FC6B0520077A66C /* Localizable.strings in Resources */,
				83E8BF650FF648130011021A /* svnBadge.icns in Resources */,
				836B4B151090EDBE00E76236 /* svnresolve.sh in Resources */,
				83CCC97011678AA5003F269B /* ActionPopup.png in Resources */,
				83CDCBF1116FA02C00ECD41D /* Properties.plist in Resources */,
				83CDCBF2116FA02C00ECD41D /* Properties.png in Resources */,
				83CDCBF3116FA02C00ECD41D /* Properties.xib in Resources */,
				83CDCBF4116FA02C00ECD41D /* PropertyView.xib in Resources */,
				83CDCBF5116FA02C00ECD41D /* BinTxt1.png in Resources */,
				83CDCBF6116FA02C00ECD41D /* BinTxt0.png in Resources */,
				832A01FD1173891B000F7E3D /* svnUpdate.xib in Resources */,
				832A01FE1173891B000F7E3D /* svnMerge.xib in Resources */,
			);
			runOnlyForDeploymentPostprocessing = 0;
		};
/* End PBXResourcesBuildPhase section */

/* Begin PBXShellScriptBuildPhase section */
		83C7219B0E8113BA004C0700 /* ShellScript */ = {
			isa = PBXShellScriptBuildPhase;
			buildActionMask = 2147483647;
			files = (
			);
			inputPaths = (
			);
			outputPaths = (
			);
			runOnlyForDeploymentPostprocessing = 0;
			shellPath = /bin/sh;
			shellScript = "dir=\"$APR_SVN\"\nSVN='http://svn.apache.org/repos/asf/subversion/tags/1.4.6/subversion/include'\nAPR='http://svn.apache.org/repos/asf/apr/apr/tags/1.2.8'\nAPU='http://svn.apache.org/repos/asf/apr/apr-util/tags/1.2.8'\nexport PATH=\"$PATH:/usr/local/bin\"\nalias GET='svn export -N'\n\nif [ -e \"$dir\" ]; then\n\techo \"has dir '$dir'\"\n\texit 0\nfi\n\necho \"making dir '$dir'\"\nmkdir \"$dir\"\ncd \"$dir\"\n\nif [ ! -e './svn' ]; then\n\tGET $SVN ./svn\nfi\n\nif [ ! -e './apr' ]; then\n\tGET $APR/include ./apr\n\tGET $APR/include/arch ./apr/arch\n\tGET $APR/include/arch/unix ./apr/arch/unix\n\tcd \"$dir/apr\"\n\tGET $APU/include/apu.h.in\n\tGET $APU/include/apr_xlate.h\nfi\n\ncd \"$dir/apr\"\necho '69,104c69,104\n< #define APR_HAVE_ARPA_INET_H     @arpa_ineth@\n< #define APR_HAVE_CONIO_H         @conioh@\n< #define APR_HAVE_CRYPT_H         @crypth@\n< #define APR_HAVE_CTYPE_H         @ctypeh@\n< #define APR_HAVE_DIRENT_H        @direnth@\n< #define APR_HAVE_ERRNO_H         @errnoh@\n< #define APR_HAVE_FCNTL_H         @fcntlh@\n< #define APR_HAVE_IO_H            @ioh@\n< #define APR_HAVE_LIMITS_H        @limitsh@\n< #define APR_HAVE_NETDB_H         @netdbh@\n< #define APR_HAVE_NETINET_IN_H    @netinet_inh@\n< #define APR_HAVE_NETINET_SCTP_H  @netinet_sctph@\n< #define APR_HAVE_NETINET_SCTP_UIO_H @netinet_sctp_uioh@\n< #define APR_HAVE_NETINET_TCP_H   @netinet_tcph@\n< #define APR_HAVE_PTHREAD_H       @pthreadh@\n< #define APR_HAVE_SEMAPHORE_H     @semaphoreh@\n< #define APR_HAVE_SIGNAL_H        @signalh@\n< #define APR_HAVE_STDARG_H        @stdargh@\n< #define APR_HAVE_STDINT_H        @stdint@\n< #define APR_HAVE_STDIO_H         @stdioh@\n< #define APR_HAVE_STDLIB_H        @stdlibh@\n< #define APR_HAVE_STRING_H        @stringh@\n< #define APR_HAVE_STRINGS_H       @stringsh@\n< #define APR_HAVE_SYS_IOCTL_H     @sys_ioctlh@\n< #define APR_HAVE_SYS_SENDFILE_H  @sys_sendfileh@\n< #define APR_HAVE_SYS_SIGNAL_H    @sys_signalh@\n< #define APR_HAVE_SYS_SOCKET_H    @sys_socketh@\n< #define APR_HAVE_SYS_SOCKIO_H    @sys_sockioh@\n< #define APR_HAVE_SYS_SYSLIMITS_H @sys_syslimitsh@\n< #define APR_HAVE_SYS_TIME_H      @sys_timeh@\n< #define APR_HAVE_SYS_TYPES_H     @sys_typesh@\n< #define APR_HAVE_SYS_UIO_H       @sys_uioh@\n< #define APR_HAVE_SYS_UN_H        @sys_unh@\n< #define APR_HAVE_SYS_WAIT_H      @sys_waith@\n< #define APR_HAVE_TIME_H          @timeh@\n< #define APR_HAVE_UNISTD_H        @unistdh@\n---\n> #define APR_HAVE_ARPA_INET_H     1\n> #define APR_HAVE_CONIO_H         0\n> #define APR_HAVE_CRYPT_H         0\n> #define APR_HAVE_CTYPE_H         1\n> #define APR_HAVE_DIRENT_H        1\n> #define APR_HAVE_ERRNO_H         1\n> #define APR_HAVE_FCNTL_H         1\n> #define APR_HAVE_IO_H            0\n> #define APR_HAVE_LIMITS_H        1\n> #define APR_HAVE_NETDB_H         1\n> #define APR_HAVE_NETINET_IN_H    1\n> #define APR_HAVE_NETINET_SCTP_H  0\n> #define APR_HAVE_NETINET_SCTP_UIO_H 0\n> #define APR_HAVE_NETINET_TCP_H   1\n> #define APR_HAVE_PTHREAD_H       1\n> #define APR_HAVE_SEMAPHORE_H     1\n> #define APR_HAVE_SIGNAL_H        1\n> #define APR_HAVE_STDARG_H        1\n> #define APR_HAVE_STDINT_H        1\n> #define APR_HAVE_STDIO_H         1\n> #define APR_HAVE_STDLIB_H        1\n> #define APR_HAVE_STRING_H        1\n> #define APR_HAVE_STRINGS_H       1\n> #define APR_HAVE_SYS_IOCTL_H     1\n> #define APR_HAVE_SYS_SENDFILE_H  0\n> #define APR_HAVE_SYS_SIGNAL_H    1\n> #define APR_HAVE_SYS_SOCKET_H    1\n> #define APR_HAVE_SYS_SOCKIO_H    1\n> #define APR_HAVE_SYS_SYSLIMITS_H 1\n> #define APR_HAVE_SYS_TIME_H      1\n> #define APR_HAVE_SYS_TYPES_H     1\n> #define APR_HAVE_SYS_UIO_H       1\n> #define APR_HAVE_SYS_UN_H        1\n> #define APR_HAVE_SYS_WAIT_H      1\n> #define APR_HAVE_TIME_H          1\n> #define APR_HAVE_UNISTD_H        1\n160,166c160,166\n< #define APR_HAVE_SHMEM_MMAP_TMP     @havemmaptmp@\n< #define APR_HAVE_SHMEM_MMAP_SHM     @havemmapshm@\n< #define APR_HAVE_SHMEM_MMAP_ZERO    @havemmapzero@\n< #define APR_HAVE_SHMEM_SHMGET_ANON  @haveshmgetanon@\n< #define APR_HAVE_SHMEM_SHMGET       @haveshmget@\n< #define APR_HAVE_SHMEM_MMAP_ANON    @havemmapanon@\n< #define APR_HAVE_SHMEM_BEOS         @havebeosarea@\n---\n> #define APR_HAVE_SHMEM_MMAP_TMP     1\n> #define APR_HAVE_SHMEM_MMAP_SHM     1\n> #define APR_HAVE_SHMEM_MMAP_ZERO    0\n> #define APR_HAVE_SHMEM_SHMGET_ANON  1\n> #define APR_HAVE_SHMEM_SHMGET       1\n> #define APR_HAVE_SHMEM_MMAP_ANON    1\n> #define APR_HAVE_SHMEM_BEOS         0\n168,174c168,174\n< #define APR_USE_SHMEM_MMAP_TMP     @usemmaptmp@\n< #define APR_USE_SHMEM_MMAP_SHM     @usemmapshm@\n< #define APR_USE_SHMEM_MMAP_ZERO    @usemmapzero@\n< #define APR_USE_SHMEM_SHMGET_ANON  @useshmgetanon@\n< #define APR_USE_SHMEM_SHMGET       @useshmget@\n< #define APR_USE_SHMEM_MMAP_ANON    @usemmapanon@\n< #define APR_USE_SHMEM_BEOS         @usebeosarea@\n---\n> #define APR_USE_SHMEM_MMAP_TMP     0\n> #define APR_USE_SHMEM_MMAP_SHM     0\n> #define APR_USE_SHMEM_MMAP_ZERO    0\n> #define APR_USE_SHMEM_SHMGET_ANON  0\n> #define APR_USE_SHMEM_SHMGET       1\n> #define APR_USE_SHMEM_MMAP_ANON    1\n> #define APR_USE_SHMEM_BEOS         0\n176,181c176,181\n< #define APR_USE_FLOCK_SERIALIZE           @flockser@ \n< #define APR_USE_SYSVSEM_SERIALIZE         @sysvser@\n< #define APR_USE_POSIXSEM_SERIALIZE        @posixser@\n< #define APR_USE_FCNTL_SERIALIZE           @fcntlser@\n< #define APR_USE_PROC_PTHREAD_SERIALIZE    @procpthreadser@ \n< #define APR_USE_PTHREAD_SERIALIZE         @pthreadser@ \n---\n> #define APR_USE_FLOCK_SERIALIZE           0 \n> #define APR_USE_SYSVSEM_SERIALIZE         1\n> #define APR_USE_POSIXSEM_SERIALIZE        0\n> #define APR_USE_FCNTL_SERIALIZE           0\n> #define APR_USE_PROC_PTHREAD_SERIALIZE    0 \n> #define APR_USE_PTHREAD_SERIALIZE         1 \n183,187c183,187\n< #define APR_HAS_FLOCK_SERIALIZE           @hasflockser@\n< #define APR_HAS_SYSVSEM_SERIALIZE         @hassysvser@\n< #define APR_HAS_POSIXSEM_SERIALIZE        @hasposixser@\n< #define APR_HAS_FCNTL_SERIALIZE           @hasfcntlser@\n< #define APR_HAS_PROC_PTHREAD_SERIALIZE    @hasprocpthreadser@\n---\n> #define APR_HAS_FLOCK_SERIALIZE           1\n> #define APR_HAS_SYSVSEM_SERIALIZE         1\n> #define APR_HAS_POSIXSEM_SERIALIZE        1\n> #define APR_HAS_FCNTL_SERIALIZE           1\n> #define APR_HAS_PROC_PTHREAD_SERIALIZE    0\n189c189\n< #define APR_PROCESS_LOCK_IS_GLOBAL        @proclockglobal@\n---\n> #define APR_PROCESS_LOCK_IS_GLOBAL        0\n191,212c191,212\n< #define APR_HAVE_CORKABLE_TCP   @have_corkable_tcp@ \n< #define APR_HAVE_GETRLIMIT      @have_getrlimit@\n< #define APR_HAVE_IN_ADDR        @have_in_addr@\n< #define APR_HAVE_INET_ADDR      @have_inet_addr@\n< #define APR_HAVE_INET_NETWORK   @have_inet_network@\n< #define APR_HAVE_IPV6           @have_ipv6@\n< #define APR_HAVE_MEMMOVE        @have_memmove@\n< #define APR_HAVE_SETRLIMIT      @have_setrlimit@\n< #define APR_HAVE_SIGACTION      @have_sigaction@\n< #define APR_HAVE_SIGSUSPEND     @have_sigsuspend@\n< #define APR_HAVE_SIGWAIT        @have_sigwait@\n< #define APR_HAVE_SA_STORAGE     @have_sa_storage@\n< #define APR_HAVE_STRCASECMP     @have_strcasecmp@\n< #define APR_HAVE_STRDUP         @have_strdup@\n< #define APR_HAVE_STRICMP        @have_stricmp@\n< #define APR_HAVE_STRNCASECMP    @have_strncasecmp@\n< #define APR_HAVE_STRNICMP       @have_strnicmp@\n< #define APR_HAVE_STRSTR         @have_strstr@\n< #define APR_HAVE_MEMCHR         @have_memchr@\n< #define APR_HAVE_STRUCT_RLIMIT  @struct_rlimit@\n< #define APR_HAVE_UNION_SEMUN    @have_union_semun@\n< #define APR_HAVE_SCTP           @have_sctp@\n---\n> #define APR_HAVE_CORKABLE_TCP   1 \n> #define APR_HAVE_GETRLIMIT      1\n> #define APR_HAVE_IN_ADDR        1\n> #define APR_HAVE_INET_ADDR      1\n> #define APR_HAVE_INET_NETWORK   1\n> #define APR_HAVE_IPV6           1\n> #define APR_HAVE_MEMMOVE        1\n> #define APR_HAVE_SETRLIMIT      1\n> #define APR_HAVE_SIGACTION      1\n> #define APR_HAVE_SIGSUSPEND     1\n> #define APR_HAVE_SIGWAIT        1\n> #define APR_HAVE_SA_STORAGE     1\n> #define APR_HAVE_STRCASECMP     1\n> #define APR_HAVE_STRDUP         1\n> #define APR_HAVE_STRICMP        0\n> #define APR_HAVE_STRNCASECMP    1\n> #define APR_HAVE_STRNICMP       0\n> #define APR_HAVE_STRSTR         1\n> #define APR_HAVE_MEMCHR         1\n> #define APR_HAVE_STRUCT_RLIMIT  1\n> #define APR_HAVE_UNION_SEMUN    1\n> #define APR_HAVE_SCTP           0\n215,223c215,223\n< #define APR_HAS_SHARED_MEMORY     @sharedmem@\n< #define APR_HAS_THREADS           @threads@\n< #define APR_HAS_SENDFILE          @sendfile@\n< #define APR_HAS_MMAP              @mmap@\n< #define APR_HAS_FORK              @fork@\n< #define APR_HAS_RANDOM            @rand@\n< #define APR_HAS_OTHER_CHILD       @oc@\n< #define APR_HAS_DSO               @aprdso@\n< #define APR_HAS_SO_ACCEPTFILTER   @acceptfilter@\n---\n> #define APR_HAS_SHARED_MEMORY     1\n> #define APR_HAS_THREADS           1\n> #define APR_HAS_SENDFILE          0\n> #define APR_HAS_MMAP              1\n> #define APR_HAS_FORK              1\n> #define APR_HAS_RANDOM            1\n> #define APR_HAS_OTHER_CHILD       1\n> #define APR_HAS_DSO               1\n> #define APR_HAS_SO_ACCEPTFILTER   0\n227c227\n< #define APR_HAS_LARGE_FILES       @aprlfs@\n---\n> #define APR_HAS_LARGE_FILES       0\n229c229\n< #define APR_HAS_OS_UUID           @osuuid@\n---\n> #define APR_HAS_OS_UUID           1\n236c236\n< #define APR_FILES_AS_SOCKETS      @file_as_socket@\n---\n> #define APR_FILES_AS_SOCKETS      1\n240c240\n< #define APR_CHARSET_EBCDIC        @apr_charset_ebcdic@\n---\n> #define APR_CHARSET_EBCDIC        0\n245c245\n< #define APR_TCP_NOPUSH_FLAG       @apr_tcp_nopush_flag@\n---\n> #define APR_TCP_NOPUSH_FLAG       TCP_NOPUSH\n249c249\n< #define APR_TCP_NODELAY_INHERITED @tcp_nodelay_inherited@\n---\n> #define APR_TCP_NODELAY_INHERITED 1\n253c253\n< #define APR_O_NONBLOCK_INHERITED @o_nonblock_inherited@\n---\n> #define APR_O_NONBLOCK_INHERITED 1\n259,260c259,260\n< typedef  @short_value@           apr_int16_t;\n< typedef  unsigned @short_value@  apr_uint16_t;\n---\n> typedef  short           apr_int16_t;\n> typedef  unsigned short  apr_uint16_t;\n262,263c262,263\n< typedef  @int_value@             apr_int32_t;\n< typedef  unsigned @int_value@    apr_uint32_t;\n---\n> typedef  int             apr_int32_t;\n> typedef  unsigned int    apr_uint32_t;\n265,266c265,266\n< typedef  @long_value@            apr_int64_t;\n< typedef  unsigned @long_value@   apr_uint64_t;\n---\n> typedef  long long            apr_int64_t;\n> typedef  unsigned long long   apr_uint64_t;\n268,271c268,271\n< typedef  @size_t_value@          apr_size_t;\n< typedef  @ssize_t_value@         apr_ssize_t;\n< typedef  @off_t_value@           apr_off_t;\n< typedef  @socklen_t_value@       apr_socklen_t;\n---\n> typedef  size_t          apr_size_t;\n> typedef  ssize_t         apr_ssize_t;\n> typedef  off_t           apr_off_t;\n> typedef  socklen_t       apr_socklen_t;\n273c273\n< #define APR_SIZEOF_VOIDP @voidp_size@\n---\n> #define APR_SIZEOF_VOIDP 4\n276c276,280\n< #define APR_IS_BIGENDIAN\t@bigendian@\n---\n> #ifdef __BIG_ENDIAN__\n> #define APR_IS_BIGENDIAN\t1\n> #else\n> #define APR_IS_BIGENDIAN\t0\n> #endif\n279,280c283,284\n< @int64_literal@\n< @uint64_literal@\n---\n> #define APR_INT64_C(val) INT64_C(val)\n> #define APR_UINT64_C(val) UINT64_C(val)\n347c351\n< @ssize_t_fmt@\n---\n> #define APR_SSIZE_T_FMT \"ld\"\n350c354\n< @size_t_fmt@\n---\n> #define APR_SIZE_T_FMT \"lu\"\n353c357\n< @off_t_fmt@\n---\n> #define APR_OFF_T_FMT APR_INT64_T_FMT\n356c360\n< @pid_t_fmt@\n---\n> #define APR_PID_T_FMT \"d\"\n359c363\n< @int64_t_fmt@\n---\n> #define APR_INT64_T_FMT \"lld\"\n362c366\n< @uint64_t_fmt@\n---\n> #define APR_UINT64_T_FMT \"llu\"\n365c369\n< @uint64_t_hex_fmt@\n---\n> #define APR_UINT64_T_HEX_FMT \"llx\"\n368c372\n< #define APR_PROC_MUTEX_IS_GLOBAL      @proc_mutex_is_global@\n---\n> #define APR_PROC_MUTEX_IS_GLOBAL      0\n371c375\n< #define APR_EOL_STR              \"@eolstr@\"\n---\n> #define APR_EOL_STR              \"\\n\"\n' | patch -n -o apr.h apr.h.in\n\necho '72,75c72,75\n< #define APU_HAVE_SDBM   @apu_have_sdbm@\n< #define APU_HAVE_GDBM   @apu_have_gdbm@\n< #define APU_HAVE_NDBM   @apu_have_ndbm@\n< #define APU_HAVE_DB     @apu_have_db@\n---\n> #define APU_HAVE_SDBM   1\n> #define APU_HAVE_GDBM   0\n> #define APU_HAVE_NDBM   0\n> #define APU_HAVE_DB     0\n78c78\n< #define APU_HAVE_DB_VERSION    @apu_db_version@\n---\n> #define APU_HAVE_DB_VERSION    0\n81,84c81,84\n< #define APU_HAVE_PGSQL         @apu_have_pgsql@\n< #define APU_HAVE_MYSQL         @apu_have_mysql@\n< #define APU_HAVE_SQLITE3       @apu_have_sqlite3@\n< #define APU_HAVE_SQLITE2       @apu_have_sqlite2@\n---\n> #define APU_HAVE_PGSQL         0\n> #define APU_HAVE_MYSQL         0\n> #define APU_HAVE_SQLITE3       0\n> #define APU_HAVE_SQLITE2       0\n86,87c86,87\n< #define APU_HAVE_APR_ICONV     @have_apr_iconv@\n< #define APU_HAVE_ICONV         @have_iconv@\n---\n> #define APU_HAVE_APR_ICONV     0\n> #define APU_HAVE_ICONV         1\n' | patch -n -o apu.h apu.h.in\n\n# end\n";
		};
		83C956C30E85551E00C5681A /* ShellScript */ = {
			isa = PBXShellScriptBuildPhase;
			buildActionMask = 2147483647;
			files = (
			);
			inputPaths = (
				$APR_SVN.c,
			);
			outputPaths = (
			);
			runOnlyForDeploymentPostprocessing = 0;
			shellPath = /bin/sh;
			shellScript = "cd \"$APR_SVN\"\nLIBS=\"svn_client svn_subr svn_fs apr\" # svn_wc\nif [ \"$APR_SVN.c\" -nt libapr.dylib ]; then\n\tfunction CC () {\n\t#\techo \"  <$1> <$2>\"\n\t\tgcc -Iapr -iquotesvn -dynamiclib -nodefaultlibs -arch ${2} -install_name \\\n\t\t\t\"@executable_path/../Frameworks/lib${1}.dylib\" -o lib${1}.${2} -DLIB_${1} \"$APR_SVN.c\"\n\t}\n\n\tfor LIB in $LIBS; {\n\t\techo \"Making $LIB\"\n\t\tCC \"$LIB\" 'ppc'\n\t\tCC \"$LIB\" 'i386'\n\t\tlipo -create lib${LIB}.ppc lib${LIB}.i386 -output lib${LIB}.dylib\n\t\trm lib${LIB}.ppc lib${LIB}.i386\n\t}\nfi\n\ncd \"$TARGET_BUILD_DIR/$FRAMEWORKS_FOLDER_PATH/\"\nfor LIB in $LIBS; {\n\tln -sf \"$SVN_LIBS/lib${LIB}-1.0.dylib\" lib${LIB}.dylib\n}\n";
		};
		83F834E20D9DC42600AA13B1 /* ShellScript */ = {
			isa = PBXShellScriptBuildPhase;
			buildActionMask = 12;
			files = (
			);
			inputPaths = (
			);
			outputPaths = (
			);
			runOnlyForDeploymentPostprocessing = 0;
			shellPath = /bin/sh;
			shellScript = "cd \"$TARGET_BUILD_DIR/$FRAMEWORKS_FOLDER_PATH/Sparkle.framework/Versions/A/Headers/\"\nif [ -e Sparkle.h ]; then\n\trm -f *.h >& /dev/null\nfi\n";
		};
		F28FC4D30A7BA83D0008C757 /* ShellScript */ = {
			isa = PBXShellScriptBuildPhase;
			buildActionMask = 2147483647;
			files = (
			);
			inputPaths = (
			);
			outputPaths = (
			);
			runOnlyForDeploymentPostprocessing = 0;
			shellPath = /bin/sh;
			shellScript = "if [ -e \"$SRCROOT/sparkle/Sparkle.xcodeproj\" ]; then\n\tcd $SRCROOT/sparkle\n\techo \"Patching Sparkle\"\n\tpatch -Np0 < ../fixSUUpdater.patch\n\techo \"Building Sparkle\"\n\txcodebuild\nfi\n";
		};
/* End PBXShellScriptBuildPhase section */

/* Begin PBXSourcesBuildPhase section */
		8D15AC300486D014006FF6A4 /* Sources */ = {
			isa = PBXSourcesBuildPhase;
			buildActionMask = 2147483647;
			files = (
				8D15AC320486D014006FF6A4 /* main.m in Sources */,
				F2B2102E05F4EA100046FF94 /* MySVN.m in Sources */,
				F2B2112305F4F3500046FF94 /* MyApp.m in Sources */,
				F217F14A05F9EC0700286411 /* SvnFileStatusToColourTransformer.m in Sources */,
				F2E13A0B05FB2F2F0068B671 /* FavoriteWorkingCopies.m in Sources */,
				F2AFD0E205FFE153008F4267 /* OutlinerDataSource.m in Sources */,
				F2C20626060136D0004C843B /* TableViewDelegate.m in Sources */,
				F27CD1E606028DC600F19225 /* MyOutlineView.m in Sources */,
				F23B32F906029317005C11F2 /* MyTableView.m in Sources */,
				F2997E380609FFBA00E0DA4A /* FilePathCleanUpTransformer.m in Sources */,
				F29E3EE6069C78C9007CE672 /* RepositoriesController.m in Sources */,
				F29E3F64069EEFE2007CE672 /* MyWorkingCopyController.m in Sources */,
				F29E4136069F0E3D007CE672 /* MyRepository.m in Sources */,
				F2A62B6106A29E6B00EC533F /* MySvnLogParser.m in Sources */,
				F2A62BF906A2B60E00EC533F /* SvnDateTransformer.m in Sources */,
				F2A62C4B06A2BEDD00EC533F /* MyRadioButtonTableColumn.m in Sources */,
				F2A62DF906A2E36400EC533F /* MySvnLogView.m in Sources */,
				F22CA53106A7AC6F00A27EDB /* MySvnView.m in Sources */,
				F2EE11C406A972BB00C08125 /* MySvnRepositoryBrowserView.m in Sources */,
				F23B3C6C06A997100021E613 /* MyRepositoryToolbar.m in Sources */,
				F23B407A06AAFE210021E613 /* NSString+MyAdditions.m in Sources */,
				F27AA1ED06AD9395001A1B05 /* MySvnOperationController.m in Sources */,
				F27AA2B006AE553C001A1B05 /* MySvnLogAC.m in Sources */,
				F27AA51106AED870001A1B05 /* ArrayCountTransformer.m in Sources */,
				F22964D406B2617700441FA8 /* MyWorkingCopyToolbar.m in Sources */,
				F229659F06B270AF00441FA8 /* MyWorkingCopy.m in Sources */,
				F272E84306BA753C00F14502 /* MyDragSupportTableView.m in Sources */,
				F2BBF00C076B90BE002160EB /* Scripting.m in Sources */,
				F2E4D76A0803ECE500C13681 /* MyDragSupportMatrix.m in Sources */,
				F2E4D76F0803ED2500C13681 /* MyDragSupportBrowser.m in Sources */,
				F22004DE08099C6900F2CC97 /* Tasks.m in Sources */,
				F2EA161B080AE74D008C6353 /* TrimNewLinesTransformer.m in Sources */,
				F2BFB5710827F3B7008476B7 /* TaskStatusToColorTransformer.m in Sources */,
				F2830107082BE24C008E002A /* DrawerLogView.m in Sources */,
				F2830194082BEE22008E002A /* NSTextView+MyAdditions.m in Sources */,
				F2B0AA6F08321018009B9254 /* MyFileMergeController.m in Sources */,
				F2695D980832638300B47C96 /* MySvnFilesArrayController.m in Sources */,
				F22C6BC3096D51E500BAC56B /* SvnListParser.m in Sources */,
				F20524320A5D3C9A003F966A /* GetEthernetAddrSample.c in Sources */,
				83CCCE390D78D7E900237C1E /* EditListResponder.m in Sources */,
				8314E66A0D79165C005538EF /* SvnLogReport.m in Sources */,
				83E5B93C0D905C130024AA50 /* DbgUtils.m in Sources */,
				833B71E20D91ABB3006E242E /* SvnInterface.m in Sources */,
				83E863AA0DB674E4004CE070 /* CommonUtils.m in Sources */,
				83DBD3910DBF7F9500264348 /* ReviewCommit.m in Sources */,
				83EE48880DD226C100542832 /* ViewUtils.m in Sources */,
				83CD86CC0F54588E00512219 /* MyDragSupportWindow.m in Sources */,
				833ED6510FA558BE00B7C862 /* RepoItem.m in Sources */,
				8369D4A20FD074A6002905A0 /* IconUtils.m in Sources */,
				83C5B26D116649CD00A667E9 /* IconTextCell.m in Sources */,
			);
			runOnlyForDeploymentPostprocessing = 0;
		};
/* End PBXSourcesBuildPhase section */

/* Begin PBXVariantGroup section */
		089C165FFE840EACC02AAC07 /* InfoPlist.strings */ = {
			isa = PBXVariantGroup;
			children = (
				089C1660FE840EACC02AAC07 /* English */,
			);
			name = InfoPlist.strings;
			sourceTree = "<group>";
		};
		2A37F4B6FDCFA73011CA2CEA /* svnX.nib */ = {
			isa = PBXVariantGroup;
			children = (
				2A37F4B7FDCFA73011CA2CEA /* English */,
			);
			name = svnX.nib;
			sourceTree = "<group>";
		};
		2A37F4B9FDCFA73011CA2CEA /* Credits.rtf */ = {
			isa = PBXVariantGroup;
			children = (
				2A37F4BAFDCFA73011CA2CEA /* English */,
			);
			name = Credits.rtf;
			sourceTree = "<group>";
		};
		8397E30F0FC6B0520077A66C /* Localizable.strings */ = {
			isa = PBXVariantGroup;
			children = (
				8397E3100FC6B0520077A66C /* English */,
			);
			name = Localizable.strings;
			sourceTree = "<group>";
		};
		F22965C306B2714600441FA8 /* MyWorkingCopy.nib */ = {
			isa = PBXVariantGroup;
			children = (
				F22965C406B2714600441FA8 /* English */,
			);
			name = MyWorkingCopy.nib;
			sourceTree = "<group>";
		};
/* End PBXVariantGroup section */

/* Begin XCBuildConfiguration section */
		834DE4110D9C317100E6F26B /* Release */ = {
			isa = XCBuildConfiguration;
			buildSettings = {
				INFOPLIST_FILE = Info.plist;
			};
			name = Release;
		};
		834DE4120D9C317100E6F26B /* Release */ = {
			isa = XCBuildConfiguration;
			buildSettings = {
				APP_NAME = "kAppName=\\\"svnX\\\"";
				APR_SVN = $SRCROOT/apr_svn;
				ARCHS = (
					ppc,
					i386,
				);
				DEAD_CODE_STRIPPING = YES;
				DEBUG_INFORMATION_FORMAT = "dwarf-with-dsym";
				DEPLOYMENT_POSTPROCESSING = YES;
				FRAMEWORK_SEARCH_PATHS = $SPARKLE_BUILD;
				GCC_C_LANGUAGE_STANDARD = gnu99;
				GCC_ENABLE_OBJC_EXCEPTIONS = YES;
				GCC_FAST_OBJC_DISPATCH = YES;
				GCC_GENERATE_DEBUGGING_SYMBOLS = YES;
				GCC_INLINES_ARE_PRIVATE_EXTERN = YES;
				GCC_MODEL_TUNING = G5;
				GCC_PRECOMPILE_PREFIX_HEADER = YES;
				GCC_PREFIX_HEADER = svnX_Prefix.pch;
				GCC_PREPROCESSOR_DEFINITIONS = (
					$APP_NAME,
					"qDebug=0",
					NDEBUG,
				);
				GCC_SYMBOLS_PRIVATE_EXTERN = YES;
				GCC_WARN_ABOUT_MISSING_NEWLINE = YES;
				GCC_WARN_ABOUT_MISSING_PROTOTYPES = YES;
				GCC_WARN_ABOUT_RETURN_TYPE = YES;
				GCC_WARN_TYPECHECK_CALLS_TO_PRINTF = YES;
				GCC_WARN_UNINITIALIZED_AUTOS = YES;
				GCC_WARN_UNKNOWN_PRAGMAS = YES;
				GCC_WARN_UNUSED_LABEL = YES;
				GCC_WARN_UNUSED_PARAMETER = YES;
				GCC_WARN_UNUSED_VALUE = YES;
				GCC_WARN_UNUSED_VARIABLE = YES;
				HEADER_SEARCH_PATHS = (
					$APR_SVN/apr,
					"$(inherited)",
				);
				IBC_NOTICES = NO;
				INSTALL_PATH = "$(HOME)/Applications";
				LIBRARY_SEARCH_PATHS = "$(SRCROOT)";
				MACOSX_DEPLOYMENT_TARGET = 10.4;
				OTHER_LDFLAGS = (
					"-weak_library",
					$APR_SVN/libsvn_client.dylib,
					"-weak_library",
					$APR_SVN/libsvn_subr.dylib,
					"-weak_library",
					$APR_SVN/libsvn_fs.dylib,
					"-weak_library",
					$APR_SVN/libapr.dylib,
					"-lstdc++.6",
				);
				PREBINDING = NO;
				PRODUCT_NAME = svnX;
				SDKROOT = /Developer/SDKs/MacOSX10.4u.sdk;
				SPARKLE_BUILD = $SRCROOT/sparkle/build/Release;
				SVN_LIBS = /opt/subversion/lib;
				USER_HEADER_SEARCH_PATHS = "$APR_SVN/svn $(inherited)";
			};
			name = Release;
		};
		F2EF3C3B0CD296C6000FBD9D /* Debug */ = {
			isa = XCBuildConfiguration;
			buildSettings = {
				APP_NAME = "kAppName=\\\"svnX\\\"";
				APR_SVN = $SRCROOT/apr_svn;
				DEBUG_INFORMATION_FORMAT = "dwarf-with-dsym";
				FRAMEWORK_SEARCH_PATHS = $SPARKLE_BUILD;
				GCC_C_LANGUAGE_STANDARD = gnu99;
				GCC_ENABLE_OBJC_EXCEPTIONS = YES;
				GCC_FAST_OBJC_DISPATCH = YES;
				GCC_INLINES_ARE_PRIVATE_EXTERN = YES;
				GCC_MODEL_TUNING = "";
				GCC_OPTIMIZATION_LEVEL = 0;
				GCC_PRECOMPILE_PREFIX_HEADER = YES;
				GCC_PREFIX_HEADER = svnX_Prefix.pch;
				GCC_PREPROCESSOR_DEFINITIONS = (
					$APP_NAME,
					"qDebug=1",
				);
				GCC_SYMBOLS_PRIVATE_EXTERN = YES;
				GCC_WARN_ABOUT_MISSING_NEWLINE = YES;
				GCC_WARN_ABOUT_MISSING_PROTOTYPES = YES;
				GCC_WARN_ABOUT_RETURN_TYPE = YES;
				GCC_WARN_TYPECHECK_CALLS_TO_PRINTF = YES;
				GCC_WARN_UNINITIALIZED_AUTOS = NO;
				GCC_WARN_UNKNOWN_PRAGMAS = YES;
				GCC_WARN_UNUSED_LABEL = YES;
				GCC_WARN_UNUSED_PARAMETER = YES;
				GCC_WARN_UNUSED_VALUE = YES;
				GCC_WARN_UNUSED_VARIABLE = YES;
				HEADER_SEARCH_PATHS = (
					$APR_SVN/apr,
					"$(inherited)",
				);
				IBC_NOTICES = NO;
				INSTALL_PATH = "$(HOME)/Applications";
				LIBRARY_SEARCH_PATHS = "$(SRCROOT)";
				MACOSX_DEPLOYMENT_TARGET = 10.4;
				OTHER_LDFLAGS = (
					"-weak_library",
					$APR_SVN/libsvn_client.dylib,
					"-weak_library",
					$APR_SVN/libsvn_subr.dylib,
					"-weak_library",
					$APR_SVN/libsvn_fs.dylib,
					"-weak_library",
					$APR_SVN/libapr.dylib,
					"-lstdc++.6",
				);
				PREBINDING = NO;
				PRODUCT_NAME = svnX;
				SDKROOT = /Developer/SDKs/MacOSX10.4u.sdk;
				SPARKLE_BUILD = $SRCROOT/sparkle/build/Release;
				STRIP_INSTALLED_PRODUCT = NO;
				SVN_LIBS = /opt/subversion/lib;
				USER_HEADER_SEARCH_PATHS = "$APR_SVN/svn $(inherited)";
			};
			name = Debug;
		};
		F2EF3C3C0CD296C6000FBD9D /* Debug */ = {
			isa = XCBuildConfiguration;
			buildSettings = {
				INFOPLIST_FILE = Info.plist;
			};
			name = Debug;
		};
/* End XCBuildConfiguration section */

/* Begin XCConfigurationList section */
		F2FD1A1A0855F03C00550248 /* Build configuration list for PBXNativeTarget "svnX" */ = {
			isa = XCConfigurationList;
			buildConfigurations = (
				F2EF3C3C0CD296C6000FBD9D /* Debug */,
				834DE4110D9C317100E6F26B /* Release */,
			);
			defaultConfigurationIsVisible = 0;
			defaultConfigurationName = Debug;
		};
		F2FD1A1E0855F03C00550248 /* Build configuration list for PBXProject "svnX" */ = {
			isa = XCConfigurationList;
			buildConfigurations = (
				F2EF3C3B0CD296C6000FBD9D /* Debug */,
				834DE4120D9C317100E6F26B /* Release */,
			);
			defaultConfigurationIsVisible = 0;
			defaultConfigurationName = Debug;
		};
/* End XCConfigurationList section */
	};
	rootObject = 2A37F4A9FDCFA73011CA2CEA /* Project object */;
}
